// !$*UTF8*$!
{
	archiveVersion = 1;
	classes = {
	};
	objectVersion = 48;
	objects = {

/* Begin PBXBuildFile section */
		3B24E6FC1F9B49E500270596 /* main.cpp in Sources */ = {isa = PBXBuildFile; fileRef = 3B24E6FB1F9B49E500270596 /* main.cpp */; };
		3B24E7071F9B7B1000270596 /* main.cpp in Sources */ = {isa = PBXBuildFile; fileRef = 3B24E7061F9B7B1000270596 /* main.cpp */; };
		3B24E7121F9B80A000270596 /* main.cpp in Sources */ = {isa = PBXBuildFile; fileRef = 3B24E7111F9B80A000270596 /* main.cpp */; };
		3B24E71D1F9B83CB00270596 /* main.cpp in Sources */ = {isa = PBXBuildFile; fileRef = 3B24E71C1F9B83CB00270596 /* main.cpp */; };
		3B24E7281F9B866800270596 /* main.cpp in Sources */ = {isa = PBXBuildFile; fileRef = 3B24E7271F9B866800270596 /* main.cpp */; };
		3B24E7331F9B8FA100270596 /* main.cpp in Sources */ = {isa = PBXBuildFile; fileRef = 3B24E7321F9B8FA100270596 /* main.cpp */; };
		3B24E73E1F9BA85200270596 /* main.cpp in Sources */ = {isa = PBXBuildFile; fileRef = 3B24E73D1F9BA85200270596 /* main.cpp */; };
		3B24E7491F9BAB2E00270596 /* main.cpp in Sources */ = {isa = PBXBuildFile; fileRef = 3B24E7481F9BAB2E00270596 /* main.cpp */; };
		3B24E7541F9BB5BF00270596 /* main.cpp in Sources */ = {isa = PBXBuildFile; fileRef = 3B24E7531F9BB5BF00270596 /* main.cpp */; };
		3B24E75F1F9BB99400270596 /* main.cpp in Sources */ = {isa = PBXBuildFile; fileRef = 3B24E75E1F9BB99400270596 /* main.cpp */; };
		3B24E76A1F9BC28C00270596 /* main.cpp in Sources */ = {isa = PBXBuildFile; fileRef = 3B24E7691F9BC28C00270596 /* main.cpp */; };
		3B24E7751F9BCA0700270596 /* main.cpp in Sources */ = {isa = PBXBuildFile; fileRef = 3B24E7741F9BCA0700270596 /* main.cpp */; };
		3B24E7801F9BD49900270596 /* main.cpp in Sources */ = {isa = PBXBuildFile; fileRef = 3B24E77F1F9BD49900270596 /* main.cpp */; };
		3B24E78B1F9BDD8000270596 /* main.cpp in Sources */ = {isa = PBXBuildFile; fileRef = 3B24E78A1F9BDD8000270596 /* main.cpp */; };
		3B24E7961F9C8BC300270596 /* main.cpp in Sources */ = {isa = PBXBuildFile; fileRef = 3B24E7951F9C8BC300270596 /* main.cpp */; };
		3B24E7A11F9C9E4500270596 /* main.cpp in Sources */ = {isa = PBXBuildFile; fileRef = 3B24E7A01F9C9E4500270596 /* main.cpp */; };
		3B24E7AC1F9D072A00270596 /* main.cpp in Sources */ = {isa = PBXBuildFile; fileRef = 3B24E7AB1F9D072A00270596 /* main.cpp */; };
		3B24E7B71F9D1A5100270596 /* main.cpp in Sources */ = {isa = PBXBuildFile; fileRef = 3B24E7B61F9D1A5100270596 /* main.cpp */; };
		3B24E7C21F9DD78F00270596 /* main.cpp in Sources */ = {isa = PBXBuildFile; fileRef = 3B24E7C11F9DD78F00270596 /* main.cpp */; };
		3B24E7CD1F9E618B00270596 /* main.cpp in Sources */ = {isa = PBXBuildFile; fileRef = 3B24E7CC1F9E618B00270596 /* main.cpp */; };
		3B24E7D81F9E741400270596 /* main.cpp in Sources */ = {isa = PBXBuildFile; fileRef = 3B24E7D71F9E741400270596 /* main.cpp */; };
		3B24E7E31F9F821200270596 /* main.cpp in Sources */ = {isa = PBXBuildFile; fileRef = 3B24E7E21F9F821200270596 /* main.cpp */; };
		3B24E7EE1F9F898C00270596 /* main.cpp in Sources */ = {isa = PBXBuildFile; fileRef = 3B24E7ED1F9F898C00270596 /* main.cpp */; };
		3B24E7F91F9FA76F00270596 /* main.cpp in Sources */ = {isa = PBXBuildFile; fileRef = 3B24E7F81F9FA76F00270596 /* main.cpp */; };
/* End PBXBuildFile section */

/* Begin PBXCopyFilesBuildPhase section */
		3B24E6F71F9B49E500270596 /* CopyFiles */ = {
			isa = PBXCopyFilesBuildPhase;
			buildActionMask = 2147483647;
			dstPath = /usr/share/man/man1/;
			dstSubfolderSpec = 0;
			files = (
			);
			runOnlyForDeploymentPostprocessing = 1;
		};
		3B24E7021F9B7B1000270596 /* CopyFiles */ = {
			isa = PBXCopyFilesBuildPhase;
			buildActionMask = 2147483647;
			dstPath = /usr/share/man/man1/;
			dstSubfolderSpec = 0;
			files = (
			);
			runOnlyForDeploymentPostprocessing = 1;
		};
		3B24E70D1F9B809F00270596 /* CopyFiles */ = {
			isa = PBXCopyFilesBuildPhase;
			buildActionMask = 2147483647;
			dstPath = /usr/share/man/man1/;
			dstSubfolderSpec = 0;
			files = (
			);
			runOnlyForDeploymentPostprocessing = 1;
		};
		3B24E7181F9B83CB00270596 /* CopyFiles */ = {
			isa = PBXCopyFilesBuildPhase;
			buildActionMask = 2147483647;
			dstPath = /usr/share/man/man1/;
			dstSubfolderSpec = 0;
			files = (
			);
			runOnlyForDeploymentPostprocessing = 1;
		};
		3B24E7231F9B866800270596 /* CopyFiles */ = {
			isa = PBXCopyFilesBuildPhase;
			buildActionMask = 2147483647;
			dstPath = /usr/share/man/man1/;
			dstSubfolderSpec = 0;
			files = (
			);
			runOnlyForDeploymentPostprocessing = 1;
		};
		3B24E72E1F9B8FA100270596 /* CopyFiles */ = {
			isa = PBXCopyFilesBuildPhase;
			buildActionMask = 2147483647;
			dstPath = /usr/share/man/man1/;
			dstSubfolderSpec = 0;
			files = (
			);
			runOnlyForDeploymentPostprocessing = 1;
		};
		3B24E7391F9BA85200270596 /* CopyFiles */ = {
			isa = PBXCopyFilesBuildPhase;
			buildActionMask = 2147483647;
			dstPath = /usr/share/man/man1/;
			dstSubfolderSpec = 0;
			files = (
			);
			runOnlyForDeploymentPostprocessing = 1;
		};
		3B24E7441F9BAB2E00270596 /* CopyFiles */ = {
			isa = PBXCopyFilesBuildPhase;
			buildActionMask = 2147483647;
			dstPath = /usr/share/man/man1/;
			dstSubfolderSpec = 0;
			files = (
			);
			runOnlyForDeploymentPostprocessing = 1;
		};
		3B24E74F1F9BB5BF00270596 /* CopyFiles */ = {
			isa = PBXCopyFilesBuildPhase;
			buildActionMask = 2147483647;
			dstPath = /usr/share/man/man1/;
			dstSubfolderSpec = 0;
			files = (
			);
			runOnlyForDeploymentPostprocessing = 1;
		};
		3B24E75A1F9BB99400270596 /* CopyFiles */ = {
			isa = PBXCopyFilesBuildPhase;
			buildActionMask = 2147483647;
			dstPath = /usr/share/man/man1/;
			dstSubfolderSpec = 0;
			files = (
			);
			runOnlyForDeploymentPostprocessing = 1;
		};
		3B24E7651F9BC28C00270596 /* CopyFiles */ = {
			isa = PBXCopyFilesBuildPhase;
			buildActionMask = 2147483647;
			dstPath = /usr/share/man/man1/;
			dstSubfolderSpec = 0;
			files = (
			);
			runOnlyForDeploymentPostprocessing = 1;
		};
		3B24E7701F9BCA0700270596 /* CopyFiles */ = {
			isa = PBXCopyFilesBuildPhase;
			buildActionMask = 2147483647;
			dstPath = /usr/share/man/man1/;
			dstSubfolderSpec = 0;
			files = (
			);
			runOnlyForDeploymentPostprocessing = 1;
		};
		3B24E77B1F9BD49900270596 /* CopyFiles */ = {
			isa = PBXCopyFilesBuildPhase;
			buildActionMask = 2147483647;
			dstPath = /usr/share/man/man1/;
			dstSubfolderSpec = 0;
			files = (
			);
			runOnlyForDeploymentPostprocessing = 1;
		};
		3B24E7861F9BDD8000270596 /* CopyFiles */ = {
			isa = PBXCopyFilesBuildPhase;
			buildActionMask = 2147483647;
			dstPath = /usr/share/man/man1/;
			dstSubfolderSpec = 0;
			files = (
			);
			runOnlyForDeploymentPostprocessing = 1;
		};
		3B24E7911F9C8BC300270596 /* CopyFiles */ = {
			isa = PBXCopyFilesBuildPhase;
			buildActionMask = 2147483647;
			dstPath = /usr/share/man/man1/;
			dstSubfolderSpec = 0;
			files = (
			);
			runOnlyForDeploymentPostprocessing = 1;
		};
		3B24E79C1F9C9E4500270596 /* CopyFiles */ = {
			isa = PBXCopyFilesBuildPhase;
			buildActionMask = 2147483647;
			dstPath = /usr/share/man/man1/;
			dstSubfolderSpec = 0;
			files = (
			);
			runOnlyForDeploymentPostprocessing = 1;
		};
		3B24E7A71F9D072A00270596 /* CopyFiles */ = {
			isa = PBXCopyFilesBuildPhase;
			buildActionMask = 2147483647;
			dstPath = /usr/share/man/man1/;
			dstSubfolderSpec = 0;
			files = (
			);
			runOnlyForDeploymentPostprocessing = 1;
		};
		3B24E7B21F9D1A5100270596 /* CopyFiles */ = {
			isa = PBXCopyFilesBuildPhase;
			buildActionMask = 2147483647;
			dstPath = /usr/share/man/man1/;
			dstSubfolderSpec = 0;
			files = (
			);
			runOnlyForDeploymentPostprocessing = 1;
		};
		3B24E7BD1F9DD78F00270596 /* CopyFiles */ = {
			isa = PBXCopyFilesBuildPhase;
			buildActionMask = 2147483647;
			dstPath = /usr/share/man/man1/;
			dstSubfolderSpec = 0;
			files = (
			);
			runOnlyForDeploymentPostprocessing = 1;
		};
		3B24E7C81F9E618B00270596 /* CopyFiles */ = {
			isa = PBXCopyFilesBuildPhase;
			buildActionMask = 2147483647;
			dstPath = /usr/share/man/man1/;
			dstSubfolderSpec = 0;
			files = (
			);
			runOnlyForDeploymentPostprocessing = 1;
		};
		3B24E7D31F9E741400270596 /* CopyFiles */ = {
			isa = PBXCopyFilesBuildPhase;
			buildActionMask = 2147483647;
			dstPath = /usr/share/man/man1/;
			dstSubfolderSpec = 0;
			files = (
			);
			runOnlyForDeploymentPostprocessing = 1;
		};
		3B24E7DE1F9F821200270596 /* CopyFiles */ = {
			isa = PBXCopyFilesBuildPhase;
			buildActionMask = 2147483647;
			dstPath = /usr/share/man/man1/;
			dstSubfolderSpec = 0;
			files = (
			);
			runOnlyForDeploymentPostprocessing = 1;
		};
		3B24E7E91F9F898C00270596 /* CopyFiles */ = {
			isa = PBXCopyFilesBuildPhase;
			buildActionMask = 2147483647;
			dstPath = /usr/share/man/man1/;
			dstSubfolderSpec = 0;
			files = (
			);
			runOnlyForDeploymentPostprocessing = 1;
		};
		3B24E7F41F9FA76F00270596 /* CopyFiles */ = {
			isa = PBXCopyFilesBuildPhase;
			buildActionMask = 2147483647;
			dstPath = /usr/share/man/man1/;
			dstSubfolderSpec = 0;
			files = (
			);
			runOnlyForDeploymentPostprocessing = 1;
		};
/* End PBXCopyFilesBuildPhase section */

/* Begin PBXFileReference section */
		3B24E6F91F9B49E500270596 /* fold expressions */ = {isa = PBXFileReference; explicitFileType = "compiled.mach-o.executable"; includeInIndex = 0; path = "fold expressions"; sourceTree = BUILT_PRODUCTS_DIR; };
		3B24E6FB1F9B49E500270596 /* main.cpp */ = {isa = PBXFileReference; lastKnownFileType = sourcecode.cpp.cpp; path = main.cpp; sourceTree = "<group>"; };
		3B24E7041F9B7B1000270596 /* fold expressions empty parameter packs */ = {isa = PBXFileReference; explicitFileType = "compiled.mach-o.executable"; includeInIndex = 0; path = "fold expressions empty parameter packs"; sourceTree = BUILT_PRODUCTS_DIR; };
		3B24E7061F9B7B1000270596 /* main.cpp */ = {isa = PBXFileReference; lastKnownFileType = sourcecode.cpp.cpp; path = main.cpp; sourceTree = "<group>"; };
		3B24E70F1F9B809F00270596 /* u8 character literals */ = {isa = PBXFileReference; explicitFileType = "compiled.mach-o.executable"; includeInIndex = 0; path = "u8 character literals"; sourceTree = BUILT_PRODUCTS_DIR; };
		3B24E7111F9B80A000270596 /* main.cpp */ = {isa = PBXFileReference; lastKnownFileType = sourcecode.cpp.cpp; path = main.cpp; sourceTree = "<group>"; };
		3B24E71A1F9B83CB00270596 /* nested namespace definition */ = {isa = PBXFileReference; explicitFileType = "compiled.mach-o.executable"; includeInIndex = 0; path = "nested namespace definition"; sourceTree = BUILT_PRODUCTS_DIR; };
		3B24E71C1F9B83CB00270596 /* main.cpp */ = {isa = PBXFileReference; lastKnownFileType = sourcecode.cpp.cpp; path = main.cpp; sourceTree = "<group>"; };
		3B24E7251F9B866800270596 /* attributes for namespaces and enumerators */ = {isa = PBXFileReference; explicitFileType = "compiled.mach-o.executable"; includeInIndex = 0; path = "attributes for namespaces and enumerators"; sourceTree = BUILT_PRODUCTS_DIR; };
		3B24E7271F9B866800270596 /* main.cpp */ = {isa = PBXFileReference; lastKnownFileType = sourcecode.cpp.cpp; path = main.cpp; sourceTree = "<group>"; };
		3B24E7301F9B8FA100270596 /* constant evaluation for all non-type template arguments */ = {isa = PBXFileReference; explicitFileType = "compiled.mach-o.executable"; includeInIndex = 0; path = "constant evaluation for all non-type template arguments"; sourceTree = BUILT_PRODUCTS_DIR; };
		3B24E7321F9B8FA100270596 /* main.cpp */ = {isa = PBXFileReference; lastKnownFileType = sourcecode.cpp.cpp; path = main.cpp; sourceTree = "<group>"; };
		3B24E73B1F9BA85200270596 /* remove deprecated */ = {isa = PBXFileReference; explicitFileType = "compiled.mach-o.executable"; includeInIndex = 0; path = "remove deprecated"; sourceTree = BUILT_PRODUCTS_DIR; };
		3B24E73D1F9BA85200270596 /* main.cpp */ = {isa = PBXFileReference; lastKnownFileType = sourcecode.cpp.cpp; path = main.cpp; sourceTree = "<group>"; };
		3B24E7461F9BAB2E00270596 /* exception specifications part of the type system */ = {isa = PBXFileReference; explicitFileType = "compiled.mach-o.executable"; includeInIndex = 0; path = "exception specifications part of the type system"; sourceTree = BUILT_PRODUCTS_DIR; };
		3B24E7481F9BAB2E00270596 /* main.cpp */ = {isa = PBXFileReference; lastKnownFileType = sourcecode.cpp.cpp; path = main.cpp; sourceTree = "<group>"; };
		3B24E7511F9BB5BF00270596 /* misc */ = {isa = PBXFileReference; explicitFileType = "compiled.mach-o.executable"; includeInIndex = 0; path = misc; sourceTree = BUILT_PRODUCTS_DIR; };
		3B24E7531F9BB5BF00270596 /* main.cpp */ = {isa = PBXFileReference; lastKnownFileType = sourcecode.cpp.cpp; path = main.cpp; sourceTree = "<group>"; };
		3B24E75C1F9BB99400270596 /* new attributes */ = {isa = PBXFileReference; explicitFileType = "compiled.mach-o.executable"; includeInIndex = 0; path = "new attributes"; sourceTree = BUILT_PRODUCTS_DIR; };
		3B24E75E1F9BB99400270596 /* main.cpp */ = {isa = PBXFileReference; lastKnownFileType = sourcecode.cpp.cpp; path = main.cpp; sourceTree = "<group>"; };
		3B24E7671F9BC28C00270596 /* aggregate initialization of classes with base classes */ = {isa = PBXFileReference; explicitFileType = "compiled.mach-o.executable"; includeInIndex = 0; path = "aggregate initialization of classes with base classes"; sourceTree = BUILT_PRODUCTS_DIR; };
		3B24E7691F9BC28C00270596 /* main.cpp */ = {isa = PBXFileReference; lastKnownFileType = sourcecode.cpp.cpp; path = main.cpp; sourceTree = "<group>"; };
		3B24E7721F9BCA0700270596 /* generalizing the range-based for loop */ = {isa = PBXFileReference; explicitFileType = "compiled.mach-o.executable"; includeInIndex = 0; path = "generalizing the range-based for loop"; sourceTree = BUILT_PRODUCTS_DIR; };
		3B24E7741F9BCA0700270596 /* main.cpp */ = {isa = PBXFileReference; lastKnownFileType = sourcecode.cpp.cpp; path = main.cpp; sourceTree = "<group>"; };
		3B24E77D1F9BD49900270596 /* lambda capture of this by value */ = {isa = PBXFileReference; explicitFileType = "compiled.mach-o.executable"; includeInIndex = 0; path = "lambda capture of this by value"; sourceTree = BUILT_PRODUCTS_DIR; };
		3B24E77F1F9BD49900270596 /* main.cpp */ = {isa = PBXFileReference; lastKnownFileType = sourcecode.cpp.cpp; path = main.cpp; sourceTree = "<group>"; };
		3B24E7881F9BDD8000270596 /* direct-list-initialization of enums */ = {isa = PBXFileReference; explicitFileType = "compiled.mach-o.executable"; includeInIndex = 0; path = "direct-list-initialization of enums"; sourceTree = BUILT_PRODUCTS_DIR; };
		3B24E78A1F9BDD8000270596 /* main.cpp */ = {isa = PBXFileReference; lastKnownFileType = sourcecode.cpp.cpp; path = main.cpp; sourceTree = "<group>"; };
		3B24E7931F9C8BC300270596 /* dynamic memory allocation for over-aligned data */ = {isa = PBXFileReference; explicitFileType = "compiled.mach-o.executable"; includeInIndex = 0; path = "dynamic memory allocation for over-aligned data"; sourceTree = BUILT_PRODUCTS_DIR; };
		3B24E7951F9C8BC300270596 /* main.cpp */ = {isa = PBXFileReference; lastKnownFileType = sourcecode.cpp.cpp; path = main.cpp; sourceTree = "<group>"; };
		3B24E79E1F9C9E4500270596 /* refining expression evaluation order for idiomatic cpp */ = {isa = PBXFileReference; explicitFileType = "compiled.mach-o.executable"; includeInIndex = 0; path = "refining expression evaluation order for idiomatic cpp"; sourceTree = BUILT_PRODUCTS_DIR; };
		3B24E7A01F9C9E4500270596 /* main.cpp */ = {isa = PBXFileReference; lastKnownFileType = sourcecode.cpp.cpp; path = main.cpp; sourceTree = "<group>"; };
		3B24E7A91F9D072A00270596 /* constexpr if-statements */ = {isa = PBXFileReference; explicitFileType = "compiled.mach-o.executable"; includeInIndex = 0; path = "constexpr if-statements"; sourceTree = BUILT_PRODUCTS_DIR; };
		3B24E7AB1F9D072A00270596 /* main.cpp */ = {isa = PBXFileReference; lastKnownFileType = sourcecode.cpp.cpp; path = main.cpp; sourceTree = "<group>"; };
		3B24E7B41F9D1A5100270596 /* structured bindings */ = {isa = PBXFileReference; explicitFileType = "compiled.mach-o.executable"; includeInIndex = 0; path = "structured bindings"; sourceTree = BUILT_PRODUCTS_DIR; };
		3B24E7B61F9D1A5100270596 /* main.cpp */ = {isa = PBXFileReference; lastKnownFileType = sourcecode.cpp.cpp; path = main.cpp; sourceTree = "<group>"; };
		3B24E7BF1F9DD78F00270596 /* selection statements with initializer */ = {isa = PBXFileReference; explicitFileType = "compiled.mach-o.executable"; includeInIndex = 0; path = "selection statements with initializer"; sourceTree = BUILT_PRODUCTS_DIR; };
		3B24E7C11F9DD78F00270596 /* main.cpp */ = {isa = PBXFileReference; lastKnownFileType = sourcecode.cpp.cpp; path = main.cpp; sourceTree = "<group>"; };
		3B24E7CA1F9E618B00270596 /* constexpr lambda */ = {isa = PBXFileReference; explicitFileType = "compiled.mach-o.executable"; includeInIndex = 0; path = "constexpr lambda"; sourceTree = BUILT_PRODUCTS_DIR; };
		3B24E7CC1F9E618B00270596 /* main.cpp */ = {isa = PBXFileReference; lastKnownFileType = sourcecode.cpp.cpp; path = main.cpp; sourceTree = "<group>"; };
		3B24E7D51F9E741400270596 /* filesystem */ = {isa = PBXFileReference; explicitFileType = "compiled.mach-o.executable"; includeInIndex = 0; path = filesystem; sourceTree = BUILT_PRODUCTS_DIR; };
		3B24E7D71F9E741400270596 /* main.cpp */ = {isa = PBXFileReference; lastKnownFileType = sourcecode.cpp.cpp; path = main.cpp; sourceTree = "<group>"; };
		3B24E7E01F9F821200270596 /* std */ = {isa = PBXFileReference; explicitFileType = "compiled.mach-o.executable"; includeInIndex = 0; path = std; sourceTree = BUILT_PRODUCTS_DIR; };
		3B24E7E21F9F821200270596 /* main.cpp */ = {isa = PBXFileReference; lastKnownFileType = sourcecode.cpp.cpp; path = main.cpp; sourceTree = "<group>"; };
		3B24E7EB1F9F898C00270596 /* std variant */ = {isa = PBXFileReference; explicitFileType = "compiled.mach-o.executable"; includeInIndex = 0; path = "std variant"; sourceTree = BUILT_PRODUCTS_DIR; };
		3B24E7ED1F9F898C00270596 /* main.cpp */ = {isa = PBXFileReference; lastKnownFileType = sourcecode.cpp.cpp; path = main.cpp; sourceTree = "<group>"; };
		3B24E7F61F9FA76F00270596 /* std optional */ = {isa = PBXFileReference; explicitFileType = "compiled.mach-o.executable"; includeInIndex = 0; path = "std optional"; sourceTree = BUILT_PRODUCTS_DIR; };
		3B24E7F81F9FA76F00270596 /* main.cpp */ = {isa = PBXFileReference; lastKnownFileType = sourcecode.cpp.cpp; path = main.cpp; sourceTree = "<group>"; };
/* End PBXFileReference section */

/* Begin PBXFrameworksBuildPhase section */
		3B24E6F61F9B49E500270596 /* Frameworks */ = {
			isa = PBXFrameworksBuildPhase;
			buildActionMask = 2147483647;
			files = (
			);
			runOnlyForDeploymentPostprocessing = 0;
		};
		3B24E7011F9B7B1000270596 /* Frameworks */ = {
			isa = PBXFrameworksBuildPhase;
			buildActionMask = 2147483647;
			files = (
			);
			runOnlyForDeploymentPostprocessing = 0;
		};
		3B24E70C1F9B809F00270596 /* Frameworks */ = {
			isa = PBXFrameworksBuildPhase;
			buildActionMask = 2147483647;
			files = (
			);
			runOnlyForDeploymentPostprocessing = 0;
		};
		3B24E7171F9B83CB00270596 /* Frameworks */ = {
			isa = PBXFrameworksBuildPhase;
			buildActionMask = 2147483647;
			files = (
			);
			runOnlyForDeploymentPostprocessing = 0;
		};
		3B24E7221F9B866800270596 /* Frameworks */ = {
			isa = PBXFrameworksBuildPhase;
			buildActionMask = 2147483647;
			files = (
			);
			runOnlyForDeploymentPostprocessing = 0;
		};
		3B24E72D1F9B8FA100270596 /* Frameworks */ = {
			isa = PBXFrameworksBuildPhase;
			buildActionMask = 2147483647;
			files = (
			);
			runOnlyForDeploymentPostprocessing = 0;
		};
		3B24E7381F9BA85200270596 /* Frameworks */ = {
			isa = PBXFrameworksBuildPhase;
			buildActionMask = 2147483647;
			files = (
			);
			runOnlyForDeploymentPostprocessing = 0;
		};
		3B24E7431F9BAB2E00270596 /* Frameworks */ = {
			isa = PBXFrameworksBuildPhase;
			buildActionMask = 2147483647;
			files = (
			);
			runOnlyForDeploymentPostprocessing = 0;
		};
		3B24E74E1F9BB5BF00270596 /* Frameworks */ = {
			isa = PBXFrameworksBuildPhase;
			buildActionMask = 2147483647;
			files = (
			);
			runOnlyForDeploymentPostprocessing = 0;
		};
		3B24E7591F9BB99400270596 /* Frameworks */ = {
			isa = PBXFrameworksBuildPhase;
			buildActionMask = 2147483647;
			files = (
			);
			runOnlyForDeploymentPostprocessing = 0;
		};
		3B24E7641F9BC28C00270596 /* Frameworks */ = {
			isa = PBXFrameworksBuildPhase;
			buildActionMask = 2147483647;
			files = (
			);
			runOnlyForDeploymentPostprocessing = 0;
		};
		3B24E76F1F9BCA0700270596 /* Frameworks */ = {
			isa = PBXFrameworksBuildPhase;
			buildActionMask = 2147483647;
			files = (
			);
			runOnlyForDeploymentPostprocessing = 0;
		};
		3B24E77A1F9BD49900270596 /* Frameworks */ = {
			isa = PBXFrameworksBuildPhase;
			buildActionMask = 2147483647;
			files = (
			);
			runOnlyForDeploymentPostprocessing = 0;
		};
		3B24E7851F9BDD8000270596 /* Frameworks */ = {
			isa = PBXFrameworksBuildPhase;
			buildActionMask = 2147483647;
			files = (
			);
			runOnlyForDeploymentPostprocessing = 0;
		};
		3B24E7901F9C8BC300270596 /* Frameworks */ = {
			isa = PBXFrameworksBuildPhase;
			buildActionMask = 2147483647;
			files = (
			);
			runOnlyForDeploymentPostprocessing = 0;
		};
		3B24E79B1F9C9E4500270596 /* Frameworks */ = {
			isa = PBXFrameworksBuildPhase;
			buildActionMask = 2147483647;
			files = (
			);
			runOnlyForDeploymentPostprocessing = 0;
		};
		3B24E7A61F9D072A00270596 /* Frameworks */ = {
			isa = PBXFrameworksBuildPhase;
			buildActionMask = 2147483647;
			files = (
			);
			runOnlyForDeploymentPostprocessing = 0;
		};
		3B24E7B11F9D1A5100270596 /* Frameworks */ = {
			isa = PBXFrameworksBuildPhase;
			buildActionMask = 2147483647;
			files = (
			);
			runOnlyForDeploymentPostprocessing = 0;
		};
		3B24E7BC1F9DD78F00270596 /* Frameworks */ = {
			isa = PBXFrameworksBuildPhase;
			buildActionMask = 2147483647;
			files = (
			);
			runOnlyForDeploymentPostprocessing = 0;
		};
		3B24E7C71F9E618B00270596 /* Frameworks */ = {
			isa = PBXFrameworksBuildPhase;
			buildActionMask = 2147483647;
			files = (
			);
			runOnlyForDeploymentPostprocessing = 0;
		};
		3B24E7D21F9E741400270596 /* Frameworks */ = {
			isa = PBXFrameworksBuildPhase;
			buildActionMask = 2147483647;
			files = (
			);
			runOnlyForDeploymentPostprocessing = 0;
		};
		3B24E7DD1F9F821200270596 /* Frameworks */ = {
			isa = PBXFrameworksBuildPhase;
			buildActionMask = 2147483647;
			files = (
			);
			runOnlyForDeploymentPostprocessing = 0;
		};
		3B24E7E81F9F898C00270596 /* Frameworks */ = {
			isa = PBXFrameworksBuildPhase;
			buildActionMask = 2147483647;
			files = (
			);
			runOnlyForDeploymentPostprocessing = 0;
		};
		3B24E7F31F9FA76F00270596 /* Frameworks */ = {
			isa = PBXFrameworksBuildPhase;
			buildActionMask = 2147483647;
			files = (
			);
			runOnlyForDeploymentPostprocessing = 0;
		};
/* End PBXFrameworksBuildPhase section */

/* Begin PBXGroup section */
		3B24E6E21F9B475100270596 = {
			isa = PBXGroup;
			children = (
				3B24E6FA1F9B49E500270596 /* fold expressions */,
				3B24E7051F9B7B1000270596 /* fold expressions empty parameter packs */,
				3B24E7101F9B809F00270596 /* u8 character literals */,
				3B24E71B1F9B83CB00270596 /* nested namespace definition */,
				3B24E7261F9B866800270596 /* attributes for namespaces and enumerators */,
				3B24E7311F9B8FA100270596 /* constant evaluation for all non-type template arguments */,
				3B24E73C1F9BA85200270596 /* remove deprecated */,
				3B24E7471F9BAB2E00270596 /* exception specifications part of the type system */,
				3B24E7521F9BB5BF00270596 /* misc */,
				3B24E75D1F9BB99400270596 /* new attributes */,
				3B24E7681F9BC28C00270596 /* aggregate initialization of classes with base classes */,
				3B24E7731F9BCA0700270596 /* generalizing the range-based for loop */,
				3B24E77E1F9BD49900270596 /* lambda capture of this by value */,
				3B24E7891F9BDD8000270596 /* direct-list-initialization of enums */,
				3B24E7941F9C8BC300270596 /* dynamic memory allocation for over-aligned data */,
				3B24E79F1F9C9E4500270596 /* refining expression evaluation order for idiomatic cpp */,
				3B24E7AA1F9D072A00270596 /* constexpr if-statements */,
				3B24E7B51F9D1A5100270596 /* structured bindings */,
				3B24E7C01F9DD78F00270596 /* selection statements with initializer */,
				3B24E7CB1F9E618B00270596 /* constexpr lambda */,
				3B24E7D61F9E741400270596 /* filesystem */,
				3B24E7E11F9F821200270596 /* std */,
				3B24E7EC1F9F898C00270596 /* std variant */,
				3B24E7F71F9FA76F00270596 /* std optional */,
				3B24E6EC1F9B475100270596 /* Products */,
			);
			sourceTree = "<group>";
		};
		3B24E6EC1F9B475100270596 /* Products */ = {
			isa = PBXGroup;
			children = (
				3B24E6F91F9B49E500270596 /* fold expressions */,
				3B24E7041F9B7B1000270596 /* fold expressions empty parameter packs */,
				3B24E70F1F9B809F00270596 /* u8 character literals */,
				3B24E71A1F9B83CB00270596 /* nested namespace definition */,
				3B24E7251F9B866800270596 /* attributes for namespaces and enumerators */,
				3B24E7301F9B8FA100270596 /* constant evaluation for all non-type template arguments */,
				3B24E73B1F9BA85200270596 /* remove deprecated */,
				3B24E7461F9BAB2E00270596 /* exception specifications part of the type system */,
				3B24E7511F9BB5BF00270596 /* misc */,
				3B24E75C1F9BB99400270596 /* new attributes */,
				3B24E7671F9BC28C00270596 /* aggregate initialization of classes with base classes */,
				3B24E7721F9BCA0700270596 /* generalizing the range-based for loop */,
				3B24E77D1F9BD49900270596 /* lambda capture of this by value */,
				3B24E7881F9BDD8000270596 /* direct-list-initialization of enums */,
				3B24E7931F9C8BC300270596 /* dynamic memory allocation for over-aligned data */,
				3B24E79E1F9C9E4500270596 /* refining expression evaluation order for idiomatic cpp */,
				3B24E7A91F9D072A00270596 /* constexpr if-statements */,
				3B24E7B41F9D1A5100270596 /* structured bindings */,
				3B24E7BF1F9DD78F00270596 /* selection statements with initializer */,
				3B24E7CA1F9E618B00270596 /* constexpr lambda */,
				3B24E7D51F9E741400270596 /* filesystem */,
				3B24E7E01F9F821200270596 /* std */,
				3B24E7EB1F9F898C00270596 /* std variant */,
				3B24E7F61F9FA76F00270596 /* std optional */,
			);
			name = Products;
			sourceTree = "<group>";
		};
		3B24E6FA1F9B49E500270596 /* fold expressions */ = {
			isa = PBXGroup;
			children = (
				3B24E6FB1F9B49E500270596 /* main.cpp */,
			);
			path = "fold expressions";
			sourceTree = "<group>";
		};
		3B24E7051F9B7B1000270596 /* fold expressions empty parameter packs */ = {
			isa = PBXGroup;
			children = (
				3B24E7061F9B7B1000270596 /* main.cpp */,
			);
			path = "fold expressions empty parameter packs";
			sourceTree = "<group>";
		};
		3B24E7101F9B809F00270596 /* u8 character literals */ = {
			isa = PBXGroup;
			children = (
				3B24E7111F9B80A000270596 /* main.cpp */,
			);
			path = "u8 character literals";
			sourceTree = "<group>";
		};
		3B24E71B1F9B83CB00270596 /* nested namespace definition */ = {
			isa = PBXGroup;
			children = (
				3B24E71C1F9B83CB00270596 /* main.cpp */,
			);
			path = "nested namespace definition";
			sourceTree = "<group>";
		};
		3B24E7261F9B866800270596 /* attributes for namespaces and enumerators */ = {
			isa = PBXGroup;
			children = (
				3B24E7271F9B866800270596 /* main.cpp */,
			);
			path = "attributes for namespaces and enumerators";
			sourceTree = "<group>";
		};
		3B24E7311F9B8FA100270596 /* constant evaluation for all non-type template arguments */ = {
			isa = PBXGroup;
			children = (
				3B24E7321F9B8FA100270596 /* main.cpp */,
			);
			path = "constant evaluation for all non-type template arguments";
			sourceTree = "<group>";
		};
		3B24E73C1F9BA85200270596 /* remove deprecated */ = {
			isa = PBXGroup;
			children = (
				3B24E73D1F9BA85200270596 /* main.cpp */,
			);
			path = "remove deprecated";
			sourceTree = "<group>";
		};
		3B24E7471F9BAB2E00270596 /* exception specifications part of the type system */ = {
			isa = PBXGroup;
			children = (
				3B24E7481F9BAB2E00270596 /* main.cpp */,
			);
			path = "exception specifications part of the type system";
			sourceTree = "<group>";
		};
		3B24E7521F9BB5BF00270596 /* misc */ = {
			isa = PBXGroup;
			children = (
				3B24E7531F9BB5BF00270596 /* main.cpp */,
			);
			path = misc;
			sourceTree = "<group>";
		};
		3B24E75D1F9BB99400270596 /* new attributes */ = {
			isa = PBXGroup;
			children = (
				3B24E75E1F9BB99400270596 /* main.cpp */,
			);
			path = "new attributes";
			sourceTree = "<group>";
		};
		3B24E7681F9BC28C00270596 /* aggregate initialization of classes with base classes */ = {
			isa = PBXGroup;
			children = (
				3B24E7691F9BC28C00270596 /* main.cpp */,
			);
			path = "aggregate initialization of classes with base classes";
			sourceTree = "<group>";
		};
		3B24E7731F9BCA0700270596 /* generalizing the range-based for loop */ = {
			isa = PBXGroup;
			children = (
				3B24E7741F9BCA0700270596 /* main.cpp */,
			);
			path = "generalizing the range-based for loop";
			sourceTree = "<group>";
		};
		3B24E77E1F9BD49900270596 /* lambda capture of this by value */ = {
			isa = PBXGroup;
			children = (
				3B24E77F1F9BD49900270596 /* main.cpp */,
			);
			path = "lambda capture of this by value";
			sourceTree = "<group>";
		};
		3B24E7891F9BDD8000270596 /* direct-list-initialization of enums */ = {
			isa = PBXGroup;
			children = (
				3B24E78A1F9BDD8000270596 /* main.cpp */,
			);
			path = "direct-list-initialization of enums";
			sourceTree = "<group>";
		};
		3B24E7941F9C8BC300270596 /* dynamic memory allocation for over-aligned data */ = {
			isa = PBXGroup;
			children = (
				3B24E7951F9C8BC300270596 /* main.cpp */,
			);
			path = "dynamic memory allocation for over-aligned data";
			sourceTree = "<group>";
		};
		3B24E79F1F9C9E4500270596 /* refining expression evaluation order for idiomatic cpp */ = {
			isa = PBXGroup;
			children = (
				3B24E7A01F9C9E4500270596 /* main.cpp */,
			);
			path = "refining expression evaluation order for idiomatic cpp";
			sourceTree = "<group>";
		};
		3B24E7AA1F9D072A00270596 /* constexpr if-statements */ = {
			isa = PBXGroup;
			children = (
				3B24E7AB1F9D072A00270596 /* main.cpp */,
			);
			path = "constexpr if-statements";
			sourceTree = "<group>";
		};
		3B24E7B51F9D1A5100270596 /* structured bindings */ = {
			isa = PBXGroup;
			children = (
				3B24E7B61F9D1A5100270596 /* main.cpp */,
			);
			path = "structured bindings";
			sourceTree = "<group>";
		};
		3B24E7C01F9DD78F00270596 /* selection statements with initializer */ = {
			isa = PBXGroup;
			children = (
				3B24E7C11F9DD78F00270596 /* main.cpp */,
			);
			path = "selection statements with initializer";
			sourceTree = "<group>";
		};
		3B24E7CB1F9E618B00270596 /* constexpr lambda */ = {
			isa = PBXGroup;
			children = (
				3B24E7CC1F9E618B00270596 /* main.cpp */,
			);
			path = "constexpr lambda";
			sourceTree = "<group>";
		};
		3B24E7D61F9E741400270596 /* filesystem */ = {
			isa = PBXGroup;
			children = (
				3B24E7D71F9E741400270596 /* main.cpp */,
			);
			path = filesystem;
			sourceTree = "<group>";
		};
		3B24E7E11F9F821200270596 /* std */ = {
			isa = PBXGroup;
			children = (
				3B24E7E21F9F821200270596 /* main.cpp */,
			);
			path = std;
			sourceTree = "<group>";
		};
		3B24E7EC1F9F898C00270596 /* std variant */ = {
			isa = PBXGroup;
			children = (
				3B24E7ED1F9F898C00270596 /* main.cpp */,
			);
			path = "std variant";
			sourceTree = "<group>";
		};
		3B24E7F71F9FA76F00270596 /* std optional */ = {
			isa = PBXGroup;
			children = (
				3B24E7F81F9FA76F00270596 /* main.cpp */,
			);
			path = "std optional";
			sourceTree = "<group>";
		};
/* End PBXGroup section */

/* Begin PBXNativeTarget section */
		3B24E6F81F9B49E500270596 /* fold expressions */ = {
			isa = PBXNativeTarget;
			buildConfigurationList = 3B24E6FD1F9B49E500270596 /* Build configuration list for PBXNativeTarget "fold expressions" */;
			buildPhases = (
				3B24E6F51F9B49E500270596 /* Sources */,
				3B24E6F61F9B49E500270596 /* Frameworks */,
				3B24E6F71F9B49E500270596 /* CopyFiles */,
			);
			buildRules = (
			);
			dependencies = (
			);
			name = "fold expressions";
			productName = "fold expressions";
			productReference = 3B24E6F91F9B49E500270596 /* fold expressions */;
			productType = "com.apple.product-type.tool";
		};
		3B24E7031F9B7B1000270596 /* fold expressions empty parameter packs */ = {
			isa = PBXNativeTarget;
			buildConfigurationList = 3B24E7081F9B7B1000270596 /* Build configuration list for PBXNativeTarget "fold expressions empty parameter packs" */;
			buildPhases = (
				3B24E7001F9B7B1000270596 /* Sources */,
				3B24E7011F9B7B1000270596 /* Frameworks */,
				3B24E7021F9B7B1000270596 /* CopyFiles */,
			);
			buildRules = (
			);
			dependencies = (
			);
			name = "fold expressions empty parameter packs";
			productName = "fold expressions empty parameter packs";
			productReference = 3B24E7041F9B7B1000270596 /* fold expressions empty parameter packs */;
			productType = "com.apple.product-type.tool";
		};
		3B24E70E1F9B809F00270596 /* u8 character literals */ = {
			isa = PBXNativeTarget;
			buildConfigurationList = 3B24E7131F9B80A000270596 /* Build configuration list for PBXNativeTarget "u8 character literals" */;
			buildPhases = (
				3B24E70B1F9B809F00270596 /* Sources */,
				3B24E70C1F9B809F00270596 /* Frameworks */,
				3B24E70D1F9B809F00270596 /* CopyFiles */,
			);
			buildRules = (
			);
			dependencies = (
			);
			name = "u8 character literals";
			productName = "u8 character literals";
			productReference = 3B24E70F1F9B809F00270596 /* u8 character literals */;
			productType = "com.apple.product-type.tool";
		};
		3B24E7191F9B83CB00270596 /* nested namespace definition */ = {
			isa = PBXNativeTarget;
			buildConfigurationList = 3B24E71E1F9B83CB00270596 /* Build configuration list for PBXNativeTarget "nested namespace definition" */;
			buildPhases = (
				3B24E7161F9B83CB00270596 /* Sources */,
				3B24E7171F9B83CB00270596 /* Frameworks */,
				3B24E7181F9B83CB00270596 /* CopyFiles */,
			);
			buildRules = (
			);
			dependencies = (
			);
			name = "nested namespace definition";
			productName = "nested namespace definition";
			productReference = 3B24E71A1F9B83CB00270596 /* nested namespace definition */;
			productType = "com.apple.product-type.tool";
		};
		3B24E7241F9B866800270596 /* attributes for namespaces and enumerators */ = {
			isa = PBXNativeTarget;
			buildConfigurationList = 3B24E7291F9B866800270596 /* Build configuration list for PBXNativeTarget "attributes for namespaces and enumerators" */;
			buildPhases = (
				3B24E7211F9B866800270596 /* Sources */,
				3B24E7221F9B866800270596 /* Frameworks */,
				3B24E7231F9B866800270596 /* CopyFiles */,
			);
			buildRules = (
			);
			dependencies = (
			);
			name = "attributes for namespaces and enumerators";
			productName = "attributes for namespaces and enumerators";
			productReference = 3B24E7251F9B866800270596 /* attributes for namespaces and enumerators */;
			productType = "com.apple.product-type.tool";
		};
		3B24E72F1F9B8FA100270596 /* constant evaluation for all non-type template arguments */ = {
			isa = PBXNativeTarget;
			buildConfigurationList = 3B24E7341F9B8FA100270596 /* Build configuration list for PBXNativeTarget "constant evaluation for all non-type template arguments" */;
			buildPhases = (
				3B24E72C1F9B8FA100270596 /* Sources */,
				3B24E72D1F9B8FA100270596 /* Frameworks */,
				3B24E72E1F9B8FA100270596 /* CopyFiles */,
			);
			buildRules = (
			);
			dependencies = (
			);
			name = "constant evaluation for all non-type template arguments";
			productName = "constant evaluation for all non-type template arguments";
			productReference = 3B24E7301F9B8FA100270596 /* constant evaluation for all non-type template arguments */;
			productType = "com.apple.product-type.tool";
		};
		3B24E73A1F9BA85200270596 /* remove deprecated */ = {
			isa = PBXNativeTarget;
			buildConfigurationList = 3B24E73F1F9BA85200270596 /* Build configuration list for PBXNativeTarget "remove deprecated" */;
			buildPhases = (
				3B24E7371F9BA85200270596 /* Sources */,
				3B24E7381F9BA85200270596 /* Frameworks */,
				3B24E7391F9BA85200270596 /* CopyFiles */,
			);
			buildRules = (
			);
			dependencies = (
			);
			name = "remove deprecated";
			productName = "remove deprecated";
			productReference = 3B24E73B1F9BA85200270596 /* remove deprecated */;
			productType = "com.apple.product-type.tool";
		};
		3B24E7451F9BAB2E00270596 /* exception specifications part of the type system */ = {
			isa = PBXNativeTarget;
			buildConfigurationList = 3B24E74A1F9BAB2E00270596 /* Build configuration list for PBXNativeTarget "exception specifications part of the type system" */;
			buildPhases = (
				3B24E7421F9BAB2E00270596 /* Sources */,
				3B24E7431F9BAB2E00270596 /* Frameworks */,
				3B24E7441F9BAB2E00270596 /* CopyFiles */,
			);
			buildRules = (
			);
			dependencies = (
			);
			name = "exception specifications part of the type system";
			productName = "exception specifications part of the type system";
			productReference = 3B24E7461F9BAB2E00270596 /* exception specifications part of the type system */;
			productType = "com.apple.product-type.tool";
		};
		3B24E7501F9BB5BF00270596 /* misc */ = {
			isa = PBXNativeTarget;
			buildConfigurationList = 3B24E7551F9BB5BF00270596 /* Build configuration list for PBXNativeTarget "misc" */;
			buildPhases = (
				3B24E74D1F9BB5BF00270596 /* Sources */,
				3B24E74E1F9BB5BF00270596 /* Frameworks */,
				3B24E74F1F9BB5BF00270596 /* CopyFiles */,
			);
			buildRules = (
			);
			dependencies = (
			);
			name = misc;
			productName = misc;
			productReference = 3B24E7511F9BB5BF00270596 /* misc */;
			productType = "com.apple.product-type.tool";
		};
		3B24E75B1F9BB99400270596 /* new attributes */ = {
			isa = PBXNativeTarget;
			buildConfigurationList = 3B24E7601F9BB99400270596 /* Build configuration list for PBXNativeTarget "new attributes" */;
			buildPhases = (
				3B24E7581F9BB99400270596 /* Sources */,
				3B24E7591F9BB99400270596 /* Frameworks */,
				3B24E75A1F9BB99400270596 /* CopyFiles */,
			);
			buildRules = (
			);
			dependencies = (
			);
			name = "new attributes";
			productName = "new attributes";
			productReference = 3B24E75C1F9BB99400270596 /* new attributes */;
			productType = "com.apple.product-type.tool";
		};
		3B24E7661F9BC28C00270596 /* aggregate initialization of classes with base classes */ = {
			isa = PBXNativeTarget;
			buildConfigurationList = 3B24E76B1F9BC28C00270596 /* Build configuration list for PBXNativeTarget "aggregate initialization of classes with base classes" */;
			buildPhases = (
				3B24E7631F9BC28C00270596 /* Sources */,
				3B24E7641F9BC28C00270596 /* Frameworks */,
				3B24E7651F9BC28C00270596 /* CopyFiles */,
			);
			buildRules = (
			);
			dependencies = (
			);
			name = "aggregate initialization of classes with base classes";
			productName = "aggregate initialization of classes with base classes";
			productReference = 3B24E7671F9BC28C00270596 /* aggregate initialization of classes with base classes */;
			productType = "com.apple.product-type.tool";
		};
		3B24E7711F9BCA0700270596 /* generalizing the range-based for loop */ = {
			isa = PBXNativeTarget;
			buildConfigurationList = 3B24E7761F9BCA0700270596 /* Build configuration list for PBXNativeTarget "generalizing the range-based for loop" */;
			buildPhases = (
				3B24E76E1F9BCA0700270596 /* Sources */,
				3B24E76F1F9BCA0700270596 /* Frameworks */,
				3B24E7701F9BCA0700270596 /* CopyFiles */,
			);
			buildRules = (
			);
			dependencies = (
			);
			name = "generalizing the range-based for loop";
			productName = "generalizing the range-based for loop";
			productReference = 3B24E7721F9BCA0700270596 /* generalizing the range-based for loop */;
			productType = "com.apple.product-type.tool";
		};
		3B24E77C1F9BD49900270596 /* lambda capture of this by value */ = {
			isa = PBXNativeTarget;
			buildConfigurationList = 3B24E7811F9BD49900270596 /* Build configuration list for PBXNativeTarget "lambda capture of this by value" */;
			buildPhases = (
				3B24E7791F9BD49900270596 /* Sources */,
				3B24E77A1F9BD49900270596 /* Frameworks */,
				3B24E77B1F9BD49900270596 /* CopyFiles */,
			);
			buildRules = (
			);
			dependencies = (
			);
			name = "lambda capture of this by value";
			productName = "lambda capture of this by value";
			productReference = 3B24E77D1F9BD49900270596 /* lambda capture of this by value */;
			productType = "com.apple.product-type.tool";
		};
		3B24E7871F9BDD8000270596 /* direct-list-initialization of enums */ = {
			isa = PBXNativeTarget;
			buildConfigurationList = 3B24E78C1F9BDD8000270596 /* Build configuration list for PBXNativeTarget "direct-list-initialization of enums" */;
			buildPhases = (
				3B24E7841F9BDD8000270596 /* Sources */,
				3B24E7851F9BDD8000270596 /* Frameworks */,
				3B24E7861F9BDD8000270596 /* CopyFiles */,
			);
			buildRules = (
			);
			dependencies = (
			);
			name = "direct-list-initialization of enums";
			productName = "direct-list-initialization of enums";
			productReference = 3B24E7881F9BDD8000270596 /* direct-list-initialization of enums */;
			productType = "com.apple.product-type.tool";
		};
		3B24E7921F9C8BC300270596 /* dynamic memory allocation for over-aligned data */ = {
			isa = PBXNativeTarget;
			buildConfigurationList = 3B24E7971F9C8BC300270596 /* Build configuration list for PBXNativeTarget "dynamic memory allocation for over-aligned data" */;
			buildPhases = (
				3B24E78F1F9C8BC300270596 /* Sources */,
				3B24E7901F9C8BC300270596 /* Frameworks */,
				3B24E7911F9C8BC300270596 /* CopyFiles */,
			);
			buildRules = (
			);
			dependencies = (
			);
			name = "dynamic memory allocation for over-aligned data";
			productName = "dynamic memory allocation for over-aligned data";
			productReference = 3B24E7931F9C8BC300270596 /* dynamic memory allocation for over-aligned data */;
			productType = "com.apple.product-type.tool";
		};
		3B24E79D1F9C9E4500270596 /* refining expression evaluation order for idiomatic cpp */ = {
			isa = PBXNativeTarget;
			buildConfigurationList = 3B24E7A21F9C9E4500270596 /* Build configuration list for PBXNativeTarget "refining expression evaluation order for idiomatic cpp" */;
			buildPhases = (
				3B24E79A1F9C9E4500270596 /* Sources */,
				3B24E79B1F9C9E4500270596 /* Frameworks */,
				3B24E79C1F9C9E4500270596 /* CopyFiles */,
			);
			buildRules = (
			);
			dependencies = (
			);
			name = "refining expression evaluation order for idiomatic cpp";
			productName = "refining expression evaluation order for idiomatic cpp";
			productReference = 3B24E79E1F9C9E4500270596 /* refining expression evaluation order for idiomatic cpp */;
			productType = "com.apple.product-type.tool";
		};
		3B24E7A81F9D072A00270596 /* constexpr if-statements */ = {
			isa = PBXNativeTarget;
			buildConfigurationList = 3B24E7AD1F9D072A00270596 /* Build configuration list for PBXNativeTarget "constexpr if-statements" */;
			buildPhases = (
				3B24E7A51F9D072A00270596 /* Sources */,
				3B24E7A61F9D072A00270596 /* Frameworks */,
				3B24E7A71F9D072A00270596 /* CopyFiles */,
			);
			buildRules = (
			);
			dependencies = (
			);
			name = "constexpr if-statements";
			productName = "constexpr if-statements";
			productReference = 3B24E7A91F9D072A00270596 /* constexpr if-statements */;
			productType = "com.apple.product-type.tool";
		};
		3B24E7B31F9D1A5100270596 /* structured bindings */ = {
			isa = PBXNativeTarget;
			buildConfigurationList = 3B24E7B81F9D1A5100270596 /* Build configuration list for PBXNativeTarget "structured bindings" */;
			buildPhases = (
				3B24E7B01F9D1A5100270596 /* Sources */,
				3B24E7B11F9D1A5100270596 /* Frameworks */,
				3B24E7B21F9D1A5100270596 /* CopyFiles */,
			);
			buildRules = (
			);
			dependencies = (
			);
			name = "structured bindings";
			productName = "structured bindings";
			productReference = 3B24E7B41F9D1A5100270596 /* structured bindings */;
			productType = "com.apple.product-type.tool";
		};
		3B24E7BE1F9DD78F00270596 /* selection statements with initializer */ = {
			isa = PBXNativeTarget;
			buildConfigurationList = 3B24E7C31F9DD78F00270596 /* Build configuration list for PBXNativeTarget "selection statements with initializer" */;
			buildPhases = (
				3B24E7BB1F9DD78F00270596 /* Sources */,
				3B24E7BC1F9DD78F00270596 /* Frameworks */,
				3B24E7BD1F9DD78F00270596 /* CopyFiles */,
			);
			buildRules = (
			);
			dependencies = (
			);
			name = "selection statements with initializer";
			productName = "selection statements with initializer";
			productReference = 3B24E7BF1F9DD78F00270596 /* selection statements with initializer */;
			productType = "com.apple.product-type.tool";
		};
		3B24E7C91F9E618B00270596 /* constexpr lambda */ = {
			isa = PBXNativeTarget;
			buildConfigurationList = 3B24E7CE1F9E618B00270596 /* Build configuration list for PBXNativeTarget "constexpr lambda" */;
			buildPhases = (
				3B24E7C61F9E618B00270596 /* Sources */,
				3B24E7C71F9E618B00270596 /* Frameworks */,
				3B24E7C81F9E618B00270596 /* CopyFiles */,
			);
			buildRules = (
			);
			dependencies = (
			);
			name = "constexpr lambda";
			productName = "constexpr lambda";
			productReference = 3B24E7CA1F9E618B00270596 /* constexpr lambda */;
			productType = "com.apple.product-type.tool";
		};
		3B24E7D41F9E741400270596 /* filesystem */ = {
			isa = PBXNativeTarget;
			buildConfigurationList = 3B24E7D91F9E741400270596 /* Build configuration list for PBXNativeTarget "filesystem" */;
			buildPhases = (
				3B24E7D11F9E741400270596 /* Sources */,
				3B24E7D21F9E741400270596 /* Frameworks */,
				3B24E7D31F9E741400270596 /* CopyFiles */,
			);
			buildRules = (
			);
			dependencies = (
			);
			name = filesystem;
			productName = filesystem;
			productReference = 3B24E7D51F9E741400270596 /* filesystem */;
			productType = "com.apple.product-type.tool";
		};
		3B24E7DF1F9F821200270596 /* std */ = {
			isa = PBXNativeTarget;
			buildConfigurationList = 3B24E7E41F9F821200270596 /* Build configuration list for PBXNativeTarget "std" */;
			buildPhases = (
				3B24E7DC1F9F821200270596 /* Sources */,
				3B24E7DD1F9F821200270596 /* Frameworks */,
				3B24E7DE1F9F821200270596 /* CopyFiles */,
			);
			buildRules = (
			);
			dependencies = (
			);
			name = std;
			productName = std;
			productReference = 3B24E7E01F9F821200270596 /* std */;
			productType = "com.apple.product-type.tool";
		};
		3B24E7EA1F9F898C00270596 /* std variant */ = {
			isa = PBXNativeTarget;
			buildConfigurationList = 3B24E7EF1F9F898C00270596 /* Build configuration list for PBXNativeTarget "std variant" */;
			buildPhases = (
				3B24E7E71F9F898C00270596 /* Sources */,
				3B24E7E81F9F898C00270596 /* Frameworks */,
				3B24E7E91F9F898C00270596 /* CopyFiles */,
			);
			buildRules = (
			);
			dependencies = (
			);
			name = "std variant";
			productName = "std variant";
			productReference = 3B24E7EB1F9F898C00270596 /* std variant */;
			productType = "com.apple.product-type.tool";
		};
		3B24E7F51F9FA76F00270596 /* std optional */ = {
			isa = PBXNativeTarget;
			buildConfigurationList = 3B24E7FA1F9FA76F00270596 /* Build configuration list for PBXNativeTarget "std optional" */;
			buildPhases = (
				3B24E7F21F9FA76F00270596 /* Sources */,
				3B24E7F31F9FA76F00270596 /* Frameworks */,
				3B24E7F41F9FA76F00270596 /* CopyFiles */,
			);
			buildRules = (
			);
			dependencies = (
			);
			name = "std optional";
			productName = "std optional";
			productReference = 3B24E7F61F9FA76F00270596 /* std optional */;
			productType = "com.apple.product-type.tool";
		};
/* End PBXNativeTarget section */

/* Begin PBXProject section */
		3B24E6E31F9B475100270596 /* Project object */ = {
			isa = PBXProject;
			attributes = {
				LastUpgradeCheck = 0900;
				ORGANIZATIONNAME = "Jakub Łabeński";
				TargetAttributes = {
					3B24E6F81F9B49E500270596 = {
						CreatedOnToolsVersion = 9.0.1;
						ProvisioningStyle = Automatic;
					};
					3B24E7031F9B7B1000270596 = {
						CreatedOnToolsVersion = 9.0.1;
						ProvisioningStyle = Automatic;
					};
					3B24E70E1F9B809F00270596 = {
						CreatedOnToolsVersion = 9.0.1;
						ProvisioningStyle = Automatic;
					};
					3B24E7191F9B83CB00270596 = {
						CreatedOnToolsVersion = 9.0.1;
						ProvisioningStyle = Automatic;
					};
					3B24E7241F9B866800270596 = {
						CreatedOnToolsVersion = 9.0.1;
						ProvisioningStyle = Automatic;
					};
					3B24E72F1F9B8FA100270596 = {
						CreatedOnToolsVersion = 9.0.1;
						ProvisioningStyle = Automatic;
					};
					3B24E73A1F9BA85200270596 = {
						CreatedOnToolsVersion = 9.0.1;
						ProvisioningStyle = Automatic;
					};
					3B24E7451F9BAB2E00270596 = {
						CreatedOnToolsVersion = 9.0.1;
						ProvisioningStyle = Automatic;
					};
					3B24E7501F9BB5BF00270596 = {
						CreatedOnToolsVersion = 9.0.1;
						ProvisioningStyle = Automatic;
					};
					3B24E75B1F9BB99400270596 = {
						CreatedOnToolsVersion = 9.0.1;
						ProvisioningStyle = Automatic;
					};
					3B24E7661F9BC28C00270596 = {
						CreatedOnToolsVersion = 9.0.1;
						ProvisioningStyle = Automatic;
					};
					3B24E7711F9BCA0700270596 = {
						CreatedOnToolsVersion = 9.0.1;
						ProvisioningStyle = Automatic;
					};
					3B24E77C1F9BD49900270596 = {
						CreatedOnToolsVersion = 9.0.1;
						ProvisioningStyle = Automatic;
					};
					3B24E7871F9BDD8000270596 = {
						CreatedOnToolsVersion = 9.0.1;
						ProvisioningStyle = Automatic;
					};
					3B24E7921F9C8BC300270596 = {
						CreatedOnToolsVersion = 9.0.1;
						ProvisioningStyle = Automatic;
					};
					3B24E79D1F9C9E4500270596 = {
						CreatedOnToolsVersion = 9.0.1;
						ProvisioningStyle = Automatic;
					};
					3B24E7A81F9D072A00270596 = {
						CreatedOnToolsVersion = 9.0.1;
						ProvisioningStyle = Automatic;
					};
					3B24E7B31F9D1A5100270596 = {
						CreatedOnToolsVersion = 9.0.1;
						ProvisioningStyle = Automatic;
					};
					3B24E7BE1F9DD78F00270596 = {
						CreatedOnToolsVersion = 9.0.1;
						ProvisioningStyle = Automatic;
					};
					3B24E7C91F9E618B00270596 = {
						CreatedOnToolsVersion = 9.0.1;
						ProvisioningStyle = Automatic;
					};
					3B24E7D41F9E741400270596 = {
						CreatedOnToolsVersion = 9.0.1;
						ProvisioningStyle = Automatic;
					};
					3B24E7DF1F9F821200270596 = {
						CreatedOnToolsVersion = 9.0.1;
						ProvisioningStyle = Automatic;
					};
					3B24E7EA1F9F898C00270596 = {
						CreatedOnToolsVersion = 9.0.1;
						ProvisioningStyle = Automatic;
					};
					3B24E7F51F9FA76F00270596 = {
						CreatedOnToolsVersion = 9.0.1;
						ProvisioningStyle = Automatic;
					};
				};
			};
			buildConfigurationList = 3B24E6E61F9B475100270596 /* Build configuration list for PBXProject "cpp17" */;
			compatibilityVersion = "Xcode 8.0";
			developmentRegion = en;
			hasScannedForEncodings = 0;
			knownRegions = (
				en,
			);
			mainGroup = 3B24E6E21F9B475100270596;
			productRefGroup = 3B24E6EC1F9B475100270596 /* Products */;
			projectDirPath = "";
			projectRoot = "";
			targets = (
				3B24E6F81F9B49E500270596 /* fold expressions */,
				3B24E7031F9B7B1000270596 /* fold expressions empty parameter packs */,
				3B24E70E1F9B809F00270596 /* u8 character literals */,
				3B24E7191F9B83CB00270596 /* nested namespace definition */,
				3B24E7241F9B866800270596 /* attributes for namespaces and enumerators */,
				3B24E72F1F9B8FA100270596 /* constant evaluation for all non-type template arguments */,
				3B24E73A1F9BA85200270596 /* remove deprecated */,
				3B24E7451F9BAB2E00270596 /* exception specifications part of the type system */,
				3B24E7501F9BB5BF00270596 /* misc */,
				3B24E75B1F9BB99400270596 /* new attributes */,
				3B24E7661F9BC28C00270596 /* aggregate initialization of classes with base classes */,
				3B24E7711F9BCA0700270596 /* generalizing the range-based for loop */,
				3B24E77C1F9BD49900270596 /* lambda capture of this by value */,
				3B24E7871F9BDD8000270596 /* direct-list-initialization of enums */,
				3B24E7921F9C8BC300270596 /* dynamic memory allocation for over-aligned data */,
				3B24E79D1F9C9E4500270596 /* refining expression evaluation order for idiomatic cpp */,
				3B24E7A81F9D072A00270596 /* constexpr if-statements */,
				3B24E7B31F9D1A5100270596 /* structured bindings */,
				3B24E7BE1F9DD78F00270596 /* selection statements with initializer */,
				3B24E7C91F9E618B00270596 /* constexpr lambda */,
				3B24E7D41F9E741400270596 /* filesystem */,
				3B24E7DF1F9F821200270596 /* std */,
				3B24E7EA1F9F898C00270596 /* std variant */,
				3B24E7F51F9FA76F00270596 /* std optional */,
			);
		};
/* End PBXProject section */

/* Begin PBXSourcesBuildPhase section */
		3B24E6F51F9B49E500270596 /* Sources */ = {
			isa = PBXSourcesBuildPhase;
			buildActionMask = 2147483647;
			files = (
				3B24E6FC1F9B49E500270596 /* main.cpp in Sources */,
			);
			runOnlyForDeploymentPostprocessing = 0;
		};
		3B24E7001F9B7B1000270596 /* Sources */ = {
			isa = PBXSourcesBuildPhase;
			buildActionMask = 2147483647;
			files = (
				3B24E7071F9B7B1000270596 /* main.cpp in Sources */,
			);
			runOnlyForDeploymentPostprocessing = 0;
		};
		3B24E70B1F9B809F00270596 /* Sources */ = {
			isa = PBXSourcesBuildPhase;
			buildActionMask = 2147483647;
			files = (
				3B24E7121F9B80A000270596 /* main.cpp in Sources */,
			);
			runOnlyForDeploymentPostprocessing = 0;
		};
		3B24E7161F9B83CB00270596 /* Sources */ = {
			isa = PBXSourcesBuildPhase;
			buildActionMask = 2147483647;
			files = (
				3B24E71D1F9B83CB00270596 /* main.cpp in Sources */,
			);
			runOnlyForDeploymentPostprocessing = 0;
		};
		3B24E7211F9B866800270596 /* Sources */ = {
			isa = PBXSourcesBuildPhase;
			buildActionMask = 2147483647;
			files = (
				3B24E7281F9B866800270596 /* main.cpp in Sources */,
			);
			runOnlyForDeploymentPostprocessing = 0;
		};
		3B24E72C1F9B8FA100270596 /* Sources */ = {
			isa = PBXSourcesBuildPhase;
			buildActionMask = 2147483647;
			files = (
				3B24E7331F9B8FA100270596 /* main.cpp in Sources */,
			);
			runOnlyForDeploymentPostprocessing = 0;
		};
		3B24E7371F9BA85200270596 /* Sources */ = {
			isa = PBXSourcesBuildPhase;
			buildActionMask = 2147483647;
			files = (
				3B24E73E1F9BA85200270596 /* main.cpp in Sources */,
			);
			runOnlyForDeploymentPostprocessing = 0;
		};
		3B24E7421F9BAB2E00270596 /* Sources */ = {
			isa = PBXSourcesBuildPhase;
			buildActionMask = 2147483647;
			files = (
				3B24E7491F9BAB2E00270596 /* main.cpp in Sources */,
			);
			runOnlyForDeploymentPostprocessing = 0;
		};
		3B24E74D1F9BB5BF00270596 /* Sources */ = {
			isa = PBXSourcesBuildPhase;
			buildActionMask = 2147483647;
			files = (
				3B24E7541F9BB5BF00270596 /* main.cpp in Sources */,
			);
			runOnlyForDeploymentPostprocessing = 0;
		};
		3B24E7581F9BB99400270596 /* Sources */ = {
			isa = PBXSourcesBuildPhase;
			buildActionMask = 2147483647;
			files = (
				3B24E75F1F9BB99400270596 /* main.cpp in Sources */,
			);
			runOnlyForDeploymentPostprocessing = 0;
		};
		3B24E7631F9BC28C00270596 /* Sources */ = {
			isa = PBXSourcesBuildPhase;
			buildActionMask = 2147483647;
			files = (
				3B24E76A1F9BC28C00270596 /* main.cpp in Sources */,
			);
			runOnlyForDeploymentPostprocessing = 0;
		};
		3B24E76E1F9BCA0700270596 /* Sources */ = {
			isa = PBXSourcesBuildPhase;
			buildActionMask = 2147483647;
			files = (
				3B24E7751F9BCA0700270596 /* main.cpp in Sources */,
			);
			runOnlyForDeploymentPostprocessing = 0;
		};
		3B24E7791F9BD49900270596 /* Sources */ = {
			isa = PBXSourcesBuildPhase;
			buildActionMask = 2147483647;
			files = (
				3B24E7801F9BD49900270596 /* main.cpp in Sources */,
			);
			runOnlyForDeploymentPostprocessing = 0;
		};
		3B24E7841F9BDD8000270596 /* Sources */ = {
			isa = PBXSourcesBuildPhase;
			buildActionMask = 2147483647;
			files = (
				3B24E78B1F9BDD8000270596 /* main.cpp in Sources */,
			);
			runOnlyForDeploymentPostprocessing = 0;
		};
		3B24E78F1F9C8BC300270596 /* Sources */ = {
			isa = PBXSourcesBuildPhase;
			buildActionMask = 2147483647;
			files = (
				3B24E7961F9C8BC300270596 /* main.cpp in Sources */,
			);
			runOnlyForDeploymentPostprocessing = 0;
		};
		3B24E79A1F9C9E4500270596 /* Sources */ = {
			isa = PBXSourcesBuildPhase;
			buildActionMask = 2147483647;
			files = (
				3B24E7A11F9C9E4500270596 /* main.cpp in Sources */,
			);
			runOnlyForDeploymentPostprocessing = 0;
		};
		3B24E7A51F9D072A00270596 /* Sources */ = {
			isa = PBXSourcesBuildPhase;
			buildActionMask = 2147483647;
			files = (
				3B24E7AC1F9D072A00270596 /* main.cpp in Sources */,
			);
			runOnlyForDeploymentPostprocessing = 0;
		};
		3B24E7B01F9D1A5100270596 /* Sources */ = {
			isa = PBXSourcesBuildPhase;
			buildActionMask = 2147483647;
			files = (
				3B24E7B71F9D1A5100270596 /* main.cpp in Sources */,
			);
			runOnlyForDeploymentPostprocessing = 0;
		};
		3B24E7BB1F9DD78F00270596 /* Sources */ = {
			isa = PBXSourcesBuildPhase;
			buildActionMask = 2147483647;
			files = (
				3B24E7C21F9DD78F00270596 /* main.cpp in Sources */,
			);
			runOnlyForDeploymentPostprocessing = 0;
		};
		3B24E7C61F9E618B00270596 /* Sources */ = {
			isa = PBXSourcesBuildPhase;
			buildActionMask = 2147483647;
			files = (
				3B24E7CD1F9E618B00270596 /* main.cpp in Sources */,
			);
			runOnlyForDeploymentPostprocessing = 0;
		};
		3B24E7D11F9E741400270596 /* Sources */ = {
			isa = PBXSourcesBuildPhase;
			buildActionMask = 2147483647;
			files = (
				3B24E7D81F9E741400270596 /* main.cpp in Sources */,
			);
			runOnlyForDeploymentPostprocessing = 0;
		};
		3B24E7DC1F9F821200270596 /* Sources */ = {
			isa = PBXSourcesBuildPhase;
			buildActionMask = 2147483647;
			files = (
				3B24E7E31F9F821200270596 /* main.cpp in Sources */,
			);
			runOnlyForDeploymentPostprocessing = 0;
		};
		3B24E7E71F9F898C00270596 /* Sources */ = {
			isa = PBXSourcesBuildPhase;
			buildActionMask = 2147483647;
			files = (
				3B24E7EE1F9F898C00270596 /* main.cpp in Sources */,
			);
			runOnlyForDeploymentPostprocessing = 0;
		};
		3B24E7F21F9FA76F00270596 /* Sources */ = {
			isa = PBXSourcesBuildPhase;
			buildActionMask = 2147483647;
			files = (
				3B24E7F91F9FA76F00270596 /* main.cpp in Sources */,
			);
			runOnlyForDeploymentPostprocessing = 0;
		};
/* End PBXSourcesBuildPhase section */

/* Begin XCBuildConfiguration section */
		3B24E6F01F9B475100270596 /* Debug */ = {
			isa = XCBuildConfiguration;
			buildSettings = {
				ALWAYS_SEARCH_USER_PATHS = NO;
				CLANG_ANALYZER_NONNULL = YES;
				CLANG_ANALYZER_NUMBER_OBJECT_CONVERSION = YES_AGGRESSIVE;
				CLANG_CXX_LANGUAGE_STANDARD = "gnu++17";
				CLANG_CXX_LIBRARY = "libc++";
				CLANG_ENABLE_MODULES = YES;
				CLANG_ENABLE_OBJC_ARC = YES;
				CLANG_WARN_BLOCK_CAPTURE_AUTORELEASING = YES;
				CLANG_WARN_BOOL_CONVERSION = YES;
				CLANG_WARN_COMMA = YES;
				CLANG_WARN_CONSTANT_CONVERSION = YES;
				CLANG_WARN_DIRECT_OBJC_ISA_USAGE = YES_ERROR;
				CLANG_WARN_DOCUMENTATION_COMMENTS = YES;
				CLANG_WARN_EMPTY_BODY = YES;
				CLANG_WARN_ENUM_CONVERSION = YES;
				CLANG_WARN_INFINITE_RECURSION = YES;
				CLANG_WARN_INT_CONVERSION = YES;
				CLANG_WARN_NON_LITERAL_NULL_CONVERSION = YES;
				CLANG_WARN_OBJC_LITERAL_CONVERSION = YES;
				CLANG_WARN_OBJC_ROOT_CLASS = YES_ERROR;
				CLANG_WARN_RANGE_LOOP_ANALYSIS = YES;
				CLANG_WARN_STRICT_PROTOTYPES = YES;
				CLANG_WARN_SUSPICIOUS_MOVE = YES;
				CLANG_WARN_UNGUARDED_AVAILABILITY = YES_AGGRESSIVE;
				CLANG_WARN_UNREACHABLE_CODE = YES;
				CLANG_WARN__DUPLICATE_METHOD_MATCH = YES;
				CODE_SIGN_IDENTITY = "-";
				COPY_PHASE_STRIP = NO;
				DEBUG_INFORMATION_FORMAT = dwarf;
				ENABLE_STRICT_OBJC_MSGSEND = YES;
				ENABLE_TESTABILITY = YES;
				GCC_C_LANGUAGE_STANDARD = gnu11;
				GCC_DYNAMIC_NO_PIC = NO;
				GCC_NO_COMMON_BLOCKS = YES;
				GCC_OPTIMIZATION_LEVEL = 0;
				GCC_PREPROCESSOR_DEFINITIONS = (
					"DEBUG=1",
					"$(inherited)",
				);
				GCC_WARN_64_TO_32_BIT_CONVERSION = YES;
				GCC_WARN_ABOUT_RETURN_TYPE = YES_ERROR;
				GCC_WARN_UNDECLARED_SELECTOR = YES;
				GCC_WARN_UNINITIALIZED_AUTOS = YES_AGGRESSIVE;
				GCC_WARN_UNUSED_FUNCTION = YES;
				GCC_WARN_UNUSED_VARIABLE = YES;
				MACOSX_DEPLOYMENT_TARGET = 10.13;
				MTL_ENABLE_DEBUG_INFO = YES;
				ONLY_ACTIVE_ARCH = YES;
				SDKROOT = macosx;
			};
			name = Debug;
		};
		3B24E6F11F9B475100270596 /* Release */ = {
			isa = XCBuildConfiguration;
			buildSettings = {
				ALWAYS_SEARCH_USER_PATHS = NO;
				CLANG_ANALYZER_NONNULL = YES;
				CLANG_ANALYZER_NUMBER_OBJECT_CONVERSION = YES_AGGRESSIVE;
				CLANG_CXX_LANGUAGE_STANDARD = "gnu++17";
				CLANG_CXX_LIBRARY = "libc++";
				CLANG_ENABLE_MODULES = YES;
				CLANG_ENABLE_OBJC_ARC = YES;
				CLANG_WARN_BLOCK_CAPTURE_AUTORELEASING = YES;
				CLANG_WARN_BOOL_CONVERSION = YES;
				CLANG_WARN_COMMA = YES;
				CLANG_WARN_CONSTANT_CONVERSION = YES;
				CLANG_WARN_DIRECT_OBJC_ISA_USAGE = YES_ERROR;
				CLANG_WARN_DOCUMENTATION_COMMENTS = YES;
				CLANG_WARN_EMPTY_BODY = YES;
				CLANG_WARN_ENUM_CONVERSION = YES;
				CLANG_WARN_INFINITE_RECURSION = YES;
				CLANG_WARN_INT_CONVERSION = YES;
				CLANG_WARN_NON_LITERAL_NULL_CONVERSION = YES;
				CLANG_WARN_OBJC_LITERAL_CONVERSION = YES;
				CLANG_WARN_OBJC_ROOT_CLASS = YES_ERROR;
				CLANG_WARN_RANGE_LOOP_ANALYSIS = YES;
				CLANG_WARN_STRICT_PROTOTYPES = YES;
				CLANG_WARN_SUSPICIOUS_MOVE = YES;
				CLANG_WARN_UNGUARDED_AVAILABILITY = YES_AGGRESSIVE;
				CLANG_WARN_UNREACHABLE_CODE = YES;
				CLANG_WARN__DUPLICATE_METHOD_MATCH = YES;
				CODE_SIGN_IDENTITY = "-";
				COPY_PHASE_STRIP = NO;
				DEBUG_INFORMATION_FORMAT = "dwarf-with-dsym";
				ENABLE_NS_ASSERTIONS = NO;
				ENABLE_STRICT_OBJC_MSGSEND = YES;
				GCC_C_LANGUAGE_STANDARD = gnu11;
				GCC_NO_COMMON_BLOCKS = YES;
				GCC_WARN_64_TO_32_BIT_CONVERSION = YES;
				GCC_WARN_ABOUT_RETURN_TYPE = YES_ERROR;
				GCC_WARN_UNDECLARED_SELECTOR = YES;
				GCC_WARN_UNINITIALIZED_AUTOS = YES_AGGRESSIVE;
				GCC_WARN_UNUSED_FUNCTION = YES;
				GCC_WARN_UNUSED_VARIABLE = YES;
				MACOSX_DEPLOYMENT_TARGET = 10.13;
				MTL_ENABLE_DEBUG_INFO = NO;
				SDKROOT = macosx;
			};
			name = Release;
		};
		3B24E6FE1F9B49E500270596 /* Debug */ = {
			isa = XCBuildConfiguration;
			buildSettings = {
				CODE_SIGN_STYLE = Automatic;
				PRODUCT_NAME = "$(TARGET_NAME)";
			};
			name = Debug;
		};
		3B24E6FF1F9B49E500270596 /* Release */ = {
			isa = XCBuildConfiguration;
			buildSettings = {
				CODE_SIGN_STYLE = Automatic;
				PRODUCT_NAME = "$(TARGET_NAME)";
			};
			name = Release;
		};
		3B24E7091F9B7B1000270596 /* Debug */ = {
			isa = XCBuildConfiguration;
			buildSettings = {
				CLANG_CXX_LANGUAGE_STANDARD = "gnu++17";
				CODE_SIGN_STYLE = Automatic;
				PRODUCT_NAME = "$(TARGET_NAME)";
			};
			name = Debug;
		};
		3B24E70A1F9B7B1000270596 /* Release */ = {
			isa = XCBuildConfiguration;
			buildSettings = {
				CLANG_CXX_LANGUAGE_STANDARD = "gnu++17";
				CODE_SIGN_STYLE = Automatic;
				PRODUCT_NAME = "$(TARGET_NAME)";
			};
			name = Release;
		};
		3B24E7141F9B80A000270596 /* Debug */ = {
			isa = XCBuildConfiguration;
			buildSettings = {
				CLANG_CXX_LANGUAGE_STANDARD = "gnu++17";
				CODE_SIGN_STYLE = Automatic;
				PRODUCT_NAME = "$(TARGET_NAME)";
			};
			name = Debug;
		};
		3B24E7151F9B80A000270596 /* Release */ = {
			isa = XCBuildConfiguration;
			buildSettings = {
				CLANG_CXX_LANGUAGE_STANDARD = "gnu++17";
				CODE_SIGN_STYLE = Automatic;
				PRODUCT_NAME = "$(TARGET_NAME)";
			};
			name = Release;
		};
		3B24E71F1F9B83CB00270596 /* Debug */ = {
			isa = XCBuildConfiguration;
			buildSettings = {
				CLANG_CXX_LANGUAGE_STANDARD = "gnu++17";
				CODE_SIGN_STYLE = Automatic;
				PRODUCT_NAME = "$(TARGET_NAME)";
			};
			name = Debug;
		};
		3B24E7201F9B83CB00270596 /* Release */ = {
			isa = XCBuildConfiguration;
			buildSettings = {
				CLANG_CXX_LANGUAGE_STANDARD = "gnu++17";
				CODE_SIGN_STYLE = Automatic;
				PRODUCT_NAME = "$(TARGET_NAME)";
			};
			name = Release;
		};
		3B24E72A1F9B866800270596 /* Debug */ = {
			isa = XCBuildConfiguration;
			buildSettings = {
				CLANG_CXX_LANGUAGE_STANDARD = "gnu++14";
				CODE_SIGN_STYLE = Automatic;
				PRODUCT_NAME = "$(TARGET_NAME)";
			};
			name = Debug;
		};
		3B24E72B1F9B866800270596 /* Release */ = {
			isa = XCBuildConfiguration;
			buildSettings = {
				CLANG_CXX_LANGUAGE_STANDARD = "gnu++14";
				CODE_SIGN_STYLE = Automatic;
				PRODUCT_NAME = "$(TARGET_NAME)";
			};
			name = Release;
		};
		3B24E7351F9B8FA100270596 /* Debug */ = {
			isa = XCBuildConfiguration;
			buildSettings = {
				CLANG_CXX_LANGUAGE_STANDARD = "c++14";
				CODE_SIGN_STYLE = Automatic;
				PRODUCT_NAME = "$(TARGET_NAME)";
			};
			name = Debug;
		};
		3B24E7361F9B8FA100270596 /* Release */ = {
			isa = XCBuildConfiguration;
			buildSettings = {
				CLANG_CXX_LANGUAGE_STANDARD = "c++14";
				CODE_SIGN_STYLE = Automatic;
				PRODUCT_NAME = "$(TARGET_NAME)";
			};
			name = Release;
		};
		3B24E7401F9BA85200270596 /* Debug */ = {
			isa = XCBuildConfiguration;
			buildSettings = {
				CLANG_CXX_LANGUAGE_STANDARD = "gnu++17";
				CODE_SIGN_STYLE = Automatic;
				PRODUCT_NAME = "$(TARGET_NAME)";
			};
			name = Debug;
		};
		3B24E7411F9BA85200270596 /* Release */ = {
			isa = XCBuildConfiguration;
			buildSettings = {
				CLANG_CXX_LANGUAGE_STANDARD = "gnu++17";
				CODE_SIGN_STYLE = Automatic;
				PRODUCT_NAME = "$(TARGET_NAME)";
			};
			name = Release;
		};
		3B24E74B1F9BAB2E00270596 /* Debug */ = {
			isa = XCBuildConfiguration;
			buildSettings = {
				CLANG_CXX_LANGUAGE_STANDARD = "c++17";
				CODE_SIGN_STYLE = Automatic;
				PRODUCT_NAME = "$(TARGET_NAME)";
			};
			name = Debug;
		};
		3B24E74C1F9BAB2E00270596 /* Release */ = {
			isa = XCBuildConfiguration;
			buildSettings = {
				CLANG_CXX_LANGUAGE_STANDARD = "c++17";
				CODE_SIGN_STYLE = Automatic;
				PRODUCT_NAME = "$(TARGET_NAME)";
			};
			name = Release;
		};
		3B24E7561F9BB5BF00270596 /* Debug */ = {
			isa = XCBuildConfiguration;
			buildSettings = {
				CLANG_CXX_LANGUAGE_STANDARD = "c++17";
				CODE_SIGN_STYLE = Automatic;
				PRODUCT_NAME = "$(TARGET_NAME)";
			};
			name = Debug;
		};
		3B24E7571F9BB5BF00270596 /* Release */ = {
			isa = XCBuildConfiguration;
			buildSettings = {
				CLANG_CXX_LANGUAGE_STANDARD = "c++17";
				CODE_SIGN_STYLE = Automatic;
				PRODUCT_NAME = "$(TARGET_NAME)";
			};
			name = Release;
		};
		3B24E7611F9BB99400270596 /* Debug */ = {
			isa = XCBuildConfiguration;
			buildSettings = {
				CLANG_CXX_LANGUAGE_STANDARD = "c++17";
				CODE_SIGN_STYLE = Automatic;
				PRODUCT_NAME = "$(TARGET_NAME)";
			};
			name = Debug;
		};
		3B24E7621F9BB99400270596 /* Release */ = {
			isa = XCBuildConfiguration;
			buildSettings = {
				CLANG_CXX_LANGUAGE_STANDARD = "c++17";
				CODE_SIGN_STYLE = Automatic;
				PRODUCT_NAME = "$(TARGET_NAME)";
			};
			name = Release;
		};
		3B24E76C1F9BC28C00270596 /* Debug */ = {
			isa = XCBuildConfiguration;
			buildSettings = {
				CLANG_CXX_LANGUAGE_STANDARD = "c++17";
				CODE_SIGN_STYLE = Automatic;
				PRODUCT_NAME = "$(TARGET_NAME)";
			};
			name = Debug;
		};
		3B24E76D1F9BC28C00270596 /* Release */ = {
			isa = XCBuildConfiguration;
			buildSettings = {
				CLANG_CXX_LANGUAGE_STANDARD = "c++17";
				CODE_SIGN_STYLE = Automatic;
				PRODUCT_NAME = "$(TARGET_NAME)";
			};
			name = Release;
		};
		3B24E7771F9BCA0700270596 /* Debug */ = {
			isa = XCBuildConfiguration;
			buildSettings = {
				CLANG_CXX_LANGUAGE_STANDARD = "c++17";
				CODE_SIGN_STYLE = Automatic;
				PRODUCT_NAME = "$(TARGET_NAME)";
			};
			name = Debug;
		};
		3B24E7781F9BCA0700270596 /* Release */ = {
			isa = XCBuildConfiguration;
			buildSettings = {
				CLANG_CXX_LANGUAGE_STANDARD = "c++17";
				CODE_SIGN_STYLE = Automatic;
				PRODUCT_NAME = "$(TARGET_NAME)";
			};
			name = Release;
		};
		3B24E7821F9BD49900270596 /* Debug */ = {
			isa = XCBuildConfiguration;
			buildSettings = {
				CLANG_CXX_LANGUAGE_STANDARD = "c++17";
				CODE_SIGN_STYLE = Automatic;
				PRODUCT_NAME = "$(TARGET_NAME)";
			};
			name = Debug;
		};
		3B24E7831F9BD49900270596 /* Release */ = {
			isa = XCBuildConfiguration;
			buildSettings = {
				CLANG_CXX_LANGUAGE_STANDARD = "c++17";
				CODE_SIGN_STYLE = Automatic;
				PRODUCT_NAME = "$(TARGET_NAME)";
			};
			name = Release;
		};
		3B24E78D1F9BDD8000270596 /* Debug */ = {
			isa = XCBuildConfiguration;
			buildSettings = {
				CLANG_CXX_LANGUAGE_STANDARD = "c++17";
				CODE_SIGN_STYLE = Automatic;
				PRODUCT_NAME = "$(TARGET_NAME)";
			};
			name = Debug;
		};
		3B24E78E1F9BDD8000270596 /* Release */ = {
			isa = XCBuildConfiguration;
			buildSettings = {
				CLANG_CXX_LANGUAGE_STANDARD = "c++17";
				CODE_SIGN_STYLE = Automatic;
				PRODUCT_NAME = "$(TARGET_NAME)";
			};
			name = Release;
		};
		3B24E7981F9C8BC300270596 /* Debug */ = {
			isa = XCBuildConfiguration;
			buildSettings = {
				CLANG_CXX_LANGUAGE_STANDARD = "c++17";
				CODE_SIGN_STYLE = Automatic;
				PRODUCT_NAME = "$(TARGET_NAME)";
			};
			name = Debug;
		};
		3B24E7991F9C8BC300270596 /* Release */ = {
			isa = XCBuildConfiguration;
			buildSettings = {
				CLANG_CXX_LANGUAGE_STANDARD = "c++17";
				CODE_SIGN_STYLE = Automatic;
				PRODUCT_NAME = "$(TARGET_NAME)";
			};
			name = Release;
		};
		3B24E7A31F9C9E4500270596 /* Debug */ = {
			isa = XCBuildConfiguration;
			buildSettings = {
				CLANG_CXX_LANGUAGE_STANDARD = "c++17";
				CODE_SIGN_STYLE = Automatic;
				PRODUCT_NAME = "$(TARGET_NAME)";
			};
			name = Debug;
		};
		3B24E7A41F9C9E4500270596 /* Release */ = {
			isa = XCBuildConfiguration;
			buildSettings = {
				CLANG_CXX_LANGUAGE_STANDARD = "c++17";
				CODE_SIGN_STYLE = Automatic;
				PRODUCT_NAME = "$(TARGET_NAME)";
			};
			name = Release;
		};
		3B24E7AE1F9D072A00270596 /* Debug */ = {
			isa = XCBuildConfiguration;
			buildSettings = {
				CLANG_CXX_LANGUAGE_STANDARD = "c++17";
				CODE_SIGN_STYLE = Automatic;
				PRODUCT_NAME = "$(TARGET_NAME)";
			};
			name = Debug;
		};
		3B24E7AF1F9D072A00270596 /* Release */ = {
			isa = XCBuildConfiguration;
			buildSettings = {
				CLANG_CXX_LANGUAGE_STANDARD = "c++17";
				CODE_SIGN_STYLE = Automatic;
				PRODUCT_NAME = "$(TARGET_NAME)";
			};
			name = Release;
		};
		3B24E7B91F9D1A5100270596 /* Debug */ = {
			isa = XCBuildConfiguration;
			buildSettings = {
				CLANG_CXX_LANGUAGE_STANDARD = "c++17";
				CODE_SIGN_STYLE = Automatic;
				PRODUCT_NAME = "$(TARGET_NAME)";
			};
			name = Debug;
		};
		3B24E7BA1F9D1A5100270596 /* Release */ = {
			isa = XCBuildConfiguration;
			buildSettings = {
				CLANG_CXX_LANGUAGE_STANDARD = "c++17";
				CODE_SIGN_STYLE = Automatic;
				PRODUCT_NAME = "$(TARGET_NAME)";
			};
			name = Release;
		};
		3B24E7C41F9DD78F00270596 /* Debug */ = {
			isa = XCBuildConfiguration;
			buildSettings = {
				CLANG_CXX_LANGUAGE_STANDARD = "c++17";
				CODE_SIGN_STYLE = Automatic;
				PRODUCT_NAME = "$(TARGET_NAME)";
			};
			name = Debug;
		};
		3B24E7C51F9DD78F00270596 /* Release */ = {
			isa = XCBuildConfiguration;
			buildSettings = {
				CLANG_CXX_LANGUAGE_STANDARD = "c++17";
				CODE_SIGN_STYLE = Automatic;
				PRODUCT_NAME = "$(TARGET_NAME)";
			};
			name = Release;
		};
		3B24E7CF1F9E618B00270596 /* Debug */ = {
			isa = XCBuildConfiguration;
			buildSettings = {
				CLANG_CXX_LANGUAGE_STANDARD = "gnu++14";
				CODE_SIGN_STYLE = Automatic;
				PRODUCT_NAME = "$(TARGET_NAME)";
			};
			name = Debug;
		};
		3B24E7D01F9E618B00270596 /* Release */ = {
			isa = XCBuildConfiguration;
			buildSettings = {
				CLANG_CXX_LANGUAGE_STANDARD = "gnu++14";
				CODE_SIGN_STYLE = Automatic;
				PRODUCT_NAME = "$(TARGET_NAME)";
			};
			name = Release;
		};
		3B24E7DA1F9E741400270596 /* Debug */ = {
			isa = XCBuildConfiguration;
			buildSettings = {
				CLANG_CXX_LANGUAGE_STANDARD = "c++17";
				CODE_SIGN_STYLE = Automatic;
				PRODUCT_NAME = "$(TARGET_NAME)";
			};
			name = Debug;
		};
		3B24E7DB1F9E741400270596 /* Release */ = {
			isa = XCBuildConfiguration;
			buildSettings = {
				CLANG_CXX_LANGUAGE_STANDARD = "c++17";
				CODE_SIGN_STYLE = Automatic;
				PRODUCT_NAME = "$(TARGET_NAME)";
			};
			name = Release;
		};
		3B24E7E51F9F821200270596 /* Debug */ = {
			isa = XCBuildConfiguration;
			buildSettings = {
				CLANG_CXX_LANGUAGE_STANDARD = "c++17";
				CODE_SIGN_STYLE = Automatic;
				PRODUCT_NAME = "$(TARGET_NAME)";
			};
			name = Debug;
		};
		3B24E7E61F9F821200270596 /* Release */ = {
			isa = XCBuildConfiguration;
			buildSettings = {
				CLANG_CXX_LANGUAGE_STANDARD = "c++17";
				CODE_SIGN_STYLE = Automatic;
				PRODUCT_NAME = "$(TARGET_NAME)";
			};
			name = Release;
		};
		3B24E7F01F9F898C00270596 /* Debug */ = {
			isa = XCBuildConfiguration;
			buildSettings = {
				CLANG_CXX_LANGUAGE_STANDARD = "gnu++14";
				CODE_SIGN_STYLE = Automatic;
				PRODUCT_NAME = "$(TARGET_NAME)";
			};
			name = Debug;
		};
		3B24E7F11F9F898C00270596 /* Release */ = {
			isa = XCBuildConfiguration;
			buildSettings = {
				CLANG_CXX_LANGUAGE_STANDARD = "gnu++14";
				CODE_SIGN_STYLE = Automatic;
				PRODUCT_NAME = "$(TARGET_NAME)";
			};
			name = Release;
		};
		3B24E7FB1F9FA76F00270596 /* Debug */ = {
			isa = XCBuildConfiguration;
			buildSettings = {
				CLANG_CXX_LANGUAGE_STANDARD = "c++17";
				CODE_SIGN_STYLE = Automatic;
				PRODUCT_NAME = "$(TARGET_NAME)";
			};
			name = Debug;
		};
		3B24E7FC1F9FA76F00270596 /* Release */ = {
			isa = XCBuildConfiguration;
			buildSettings = {
				CLANG_CXX_LANGUAGE_STANDARD = "c++17";
				CODE_SIGN_STYLE = Automatic;
				PRODUCT_NAME = "$(TARGET_NAME)";
			};
			name = Release;
		};
/* End XCBuildConfiguration section */

/* Begin XCConfigurationList section */
		3B24E6E61F9B475100270596 /* Build configuration list for PBXProject "cpp17" */ = {
			isa = XCConfigurationList;
			buildConfigurations = (
				3B24E6F01F9B475100270596 /* Debug */,
				3B24E6F11F9B475100270596 /* Release */,
			);
			defaultConfigurationIsVisible = 0;
			defaultConfigurationName = Release;
		};
		3B24E6FD1F9B49E500270596 /* Build configuration list for PBXNativeTarget "fold expressions" */ = {
			isa = XCConfigurationList;
			buildConfigurations = (
				3B24E6FE1F9B49E500270596 /* Debug */,
				3B24E6FF1F9B49E500270596 /* Release */,
			);
			defaultConfigurationIsVisible = 0;
			defaultConfigurationName = Release;
		};
		3B24E7081F9B7B1000270596 /* Build configuration list for PBXNativeTarget "fold expressions empty parameter packs" */ = {
			isa = XCConfigurationList;
			buildConfigurations = (
				3B24E7091F9B7B1000270596 /* Debug */,
				3B24E70A1F9B7B1000270596 /* Release */,
			);
			defaultConfigurationIsVisible = 0;
			defaultConfigurationName = Release;
		};
		3B24E7131F9B80A000270596 /* Build configuration list for PBXNativeTarget "u8 character literals" */ = {
			isa = XCConfigurationList;
			buildConfigurations = (
				3B24E7141F9B80A000270596 /* Debug */,
				3B24E7151F9B80A000270596 /* Release */,
			);
			defaultConfigurationIsVisible = 0;
			defaultConfigurationName = Release;
		};
		3B24E71E1F9B83CB00270596 /* Build configuration list for PBXNativeTarget "nested namespace definition" */ = {
			isa = XCConfigurationList;
			buildConfigurations = (
				3B24E71F1F9B83CB00270596 /* Debug */,
				3B24E7201F9B83CB00270596 /* Release */,
			);
			defaultConfigurationIsVisible = 0;
			defaultConfigurationName = Release;
		};
		3B24E7291F9B866800270596 /* Build configuration list for PBXNativeTarget "attributes for namespaces and enumerators" */ = {
			isa = XCConfigurationList;
			buildConfigurations = (
				3B24E72A1F9B866800270596 /* Debug */,
				3B24E72B1F9B866800270596 /* Release */,
			);
			defaultConfigurationIsVisible = 0;
			defaultConfigurationName = Release;
		};
		3B24E7341F9B8FA100270596 /* Build configuration list for PBXNativeTarget "constant evaluation for all non-type template arguments" */ = {
			isa = XCConfigurationList;
			buildConfigurations = (
				3B24E7351F9B8FA100270596 /* Debug */,
				3B24E7361F9B8FA100270596 /* Release */,
			);
			defaultConfigurationIsVisible = 0;
			defaultConfigurationName = Release;
		};
		3B24E73F1F9BA85200270596 /* Build configuration list for PBXNativeTarget "remove deprecated" */ = {
			isa = XCConfigurationList;
			buildConfigurations = (
				3B24E7401F9BA85200270596 /* Debug */,
				3B24E7411F9BA85200270596 /* Release */,
			);
			defaultConfigurationIsVisible = 0;
			defaultConfigurationName = Release;
		};
		3B24E74A1F9BAB2E00270596 /* Build configuration list for PBXNativeTarget "exception specifications part of the type system" */ = {
			isa = XCConfigurationList;
			buildConfigurations = (
				3B24E74B1F9BAB2E00270596 /* Debug */,
				3B24E74C1F9BAB2E00270596 /* Release */,
			);
			defaultConfigurationIsVisible = 0;
			defaultConfigurationName = Release;
		};
		3B24E7551F9BB5BF00270596 /* Build configuration list for PBXNativeTarget "misc" */ = {
			isa = XCConfigurationList;
			buildConfigurations = (
				3B24E7561F9BB5BF00270596 /* Debug */,
				3B24E7571F9BB5BF00270596 /* Release */,
			);
			defaultConfigurationIsVisible = 0;
			defaultConfigurationName = Release;
		};
		3B24E7601F9BB99400270596 /* Build configuration list for PBXNativeTarget "new attributes" */ = {
			isa = XCConfigurationList;
			buildConfigurations = (
				3B24E7611F9BB99400270596 /* Debug */,
				3B24E7621F9BB99400270596 /* Release */,
			);
			defaultConfigurationIsVisible = 0;
			defaultConfigurationName = Release;
		};
		3B24E76B1F9BC28C00270596 /* Build configuration list for PBXNativeTarget "aggregate initialization of classes with base classes" */ = {
			isa = XCConfigurationList;
			buildConfigurations = (
				3B24E76C1F9BC28C00270596 /* Debug */,
				3B24E76D1F9BC28C00270596 /* Release */,
			);
			defaultConfigurationIsVisible = 0;
			defaultConfigurationName = Release;
		};
		3B24E7761F9BCA0700270596 /* Build configuration list for PBXNativeTarget "generalizing the range-based for loop" */ = {
			isa = XCConfigurationList;
			buildConfigurations = (
				3B24E7771F9BCA0700270596 /* Debug */,
				3B24E7781F9BCA0700270596 /* Release */,
			);
			defaultConfigurationIsVisible = 0;
			defaultConfigurationName = Release;
		};
		3B24E7811F9BD49900270596 /* Build configuration list for PBXNativeTarget "lambda capture of this by value" */ = {
			isa = XCConfigurationList;
			buildConfigurations = (
				3B24E7821F9BD49900270596 /* Debug */,
				3B24E7831F9BD49900270596 /* Release */,
			);
			defaultConfigurationIsVisible = 0;
			defaultConfigurationName = Release;
		};
		3B24E78C1F9BDD8000270596 /* Build configuration list for PBXNativeTarget "direct-list-initialization of enums" */ = {
			isa = XCConfigurationList;
			buildConfigurations = (
				3B24E78D1F9BDD8000270596 /* Debug */,
				3B24E78E1F9BDD8000270596 /* Release */,
			);
			defaultConfigurationIsVisible = 0;
			defaultConfigurationName = Release;
		};
		3B24E7971F9C8BC300270596 /* Build configuration list for PBXNativeTarget "dynamic memory allocation for over-aligned data" */ = {
			isa = XCConfigurationList;
			buildConfigurations = (
				3B24E7981F9C8BC300270596 /* Debug */,
				3B24E7991F9C8BC300270596 /* Release */,
			);
			defaultConfigurationIsVisible = 0;
			defaultConfigurationName = Release;
		};
		3B24E7A21F9C9E4500270596 /* Build configuration list for PBXNativeTarget "refining expression evaluation order for idiomatic cpp" */ = {
			isa = XCConfigurationList;
			buildConfigurations = (
				3B24E7A31F9C9E4500270596 /* Debug */,
				3B24E7A41F9C9E4500270596 /* Release */,
			);
			defaultConfigurationIsVisible = 0;
			defaultConfigurationName = Release;
		};
		3B24E7AD1F9D072A00270596 /* Build configuration list for PBXNativeTarget "constexpr if-statements" */ = {
			isa = XCConfigurationList;
			buildConfigurations = (
				3B24E7AE1F9D072A00270596 /* Debug */,
				3B24E7AF1F9D072A00270596 /* Release */,
			);
			defaultConfigurationIsVisible = 0;
			defaultConfigurationName = Release;
		};
		3B24E7B81F9D1A5100270596 /* Build configuration list for PBXNativeTarget "structured bindings" */ = {
			isa = XCConfigurationList;
			buildConfigurations = (
				3B24E7B91F9D1A5100270596 /* Debug */,
				3B24E7BA1F9D1A5100270596 /* Release */,
			);
			defaultConfigurationIsVisible = 0;
			defaultConfigurationName = Release;
		};
		3B24E7C31F9DD78F00270596 /* Build configuration list for PBXNativeTarget "selection statements with initializer" */ = {
			isa = XCConfigurationList;
			buildConfigurations = (
				3B24E7C41F9DD78F00270596 /* Debug */,
				3B24E7C51F9DD78F00270596 /* Release */,
			);
			defaultConfigurationIsVisible = 0;
			defaultConfigurationName = Release;
		};
		3B24E7CE1F9E618B00270596 /* Build configuration list for PBXNativeTarget "constexpr lambda" */ = {
			isa = XCConfigurationList;
			buildConfigurations = (
				3B24E7CF1F9E618B00270596 /* Debug */,
				3B24E7D01F9E618B00270596 /* Release */,
			);
			defaultConfigurationIsVisible = 0;
			defaultConfigurationName = Release;
		};
		3B24E7D91F9E741400270596 /* Build configuration list for PBXNativeTarget "filesystem" */ = {
			isa = XCConfigurationList;
			buildConfigurations = (
				3B24E7DA1F9E741400270596 /* Debug */,
				3B24E7DB1F9E741400270596 /* Release */,
			);
			defaultConfigurationIsVisible = 0;
			defaultConfigurationName = Release;
		};
		3B24E7E41F9F821200270596 /* Build configuration list for PBXNativeTarget "std" */ = {
			isa = XCConfigurationList;
			buildConfigurations = (
				3B24E7E51F9F821200270596 /* Debug */,
				3B24E7E61F9F821200270596 /* Release */,
			);
			defaultConfigurationIsVisible = 0;
			defaultConfigurationName = Release;
		};
		3B24E7EF1F9F898C00270596 /* Build configuration list for PBXNativeTarget "std variant" */ = {
			isa = XCConfigurationList;
			buildConfigurations = (
				3B24E7F01F9F898C00270596 /* Debug */,
				3B24E7F11F9F898C00270596 /* Release */,
			);
			defaultConfigurationIsVisible = 0;
			defaultConfigurationName = Release;
		};
		3B24E7FA1F9FA76F00270596 /* Build configuration list for PBXNativeTarget "std optional" */ = {
			isa = XCConfigurationList;
			buildConfigurations = (
				3B24E7FB1F9FA76F00270596 /* Debug */,
				3B24E7FC1F9FA76F00270596 /* Release */,
			);
			defaultConfigurationIsVisible = 0;
			defaultConfigurationName = Release;
		};
/* End XCConfigurationList section */
	};
	rootObject = 3B24E6E31F9B475100270596 /* Project object */;
}
