// !$*UTF8*$!
{
	archiveVersion = 1;
	classes = {
	};
	objectVersion = 48;
	objects = {

/* Begin PBXBuildFile section */
		3B24E6FC1F9B49E500270596 /* main.cpp in Sources */ = {isa = PBXBuildFile; fileRef = 3B24E6FB1F9B49E500270596 /* main.cpp */; };
		3B24E7071F9B7B1000270596 /* main.cpp in Sources */ = {isa = PBXBuildFile; fileRef = 3B24E7061F9B7B1000270596 /* main.cpp */; };
		3B24E7121F9B80A000270596 /* main.cpp in Sources */ = {isa = PBXBuildFile; fileRef = 3B24E7111F9B80A000270596 /* main.cpp */; };
/* End PBXBuildFile section */

/* Begin PBXCopyFilesBuildPhase section */
		3B24E6F71F9B49E500270596 /* CopyFiles */ = {
			isa = PBXCopyFilesBuildPhase;
			buildActionMask = 2147483647;
			dstPath = /usr/share/man/man1/;
			dstSubfolderSpec = 0;
			files = (
			);
			runOnlyForDeploymentPostprocessing = 1;
		};
		3B24E7021F9B7B1000270596 /* CopyFiles */ = {
			isa = PBXCopyFilesBuildPhase;
			buildActionMask = 2147483647;
			dstPath = /usr/share/man/man1/;
			dstSubfolderSpec = 0;
			files = (
			);
			runOnlyForDeploymentPostprocessing = 1;
		};
		3B24E70D1F9B809F00270596 /* CopyFiles */ = {
			isa = PBXCopyFilesBuildPhase;
			buildActionMask = 2147483647;
			dstPath = /usr/share/man/man1/;
			dstSubfolderSpec = 0;
			files = (
			);
			runOnlyForDeploymentPostprocessing = 1;
		};
/* End PBXCopyFilesBuildPhase section */

/* Begin PBXFileReference section */
		3B24E6F91F9B49E500270596 /* fold expressions */ = {isa = PBXFileReference; explicitFileType = "compiled.mach-o.executable"; includeInIndex = 0; path = "fold expressions"; sourceTree = BUILT_PRODUCTS_DIR; };
		3B24E6FB1F9B49E500270596 /* main.cpp */ = {isa = PBXFileReference; lastKnownFileType = sourcecode.cpp.cpp; path = main.cpp; sourceTree = "<group>"; };
		3B24E7041F9B7B1000270596 /* fold expressions empty parameter packs */ = {isa = PBXFileReference; explicitFileType = "compiled.mach-o.executable"; includeInIndex = 0; path = "fold expressions empty parameter packs"; sourceTree = BUILT_PRODUCTS_DIR; };
		3B24E7061F9B7B1000270596 /* main.cpp */ = {isa = PBXFileReference; lastKnownFileType = sourcecode.cpp.cpp; path = main.cpp; sourceTree = "<group>"; };
		3B24E70F1F9B809F00270596 /* u8 character literals */ = {isa = PBXFileReference; explicitFileType = "compiled.mach-o.executable"; includeInIndex = 0; path = "u8 character literals"; sourceTree = BUILT_PRODUCTS_DIR; };
		3B24E7111F9B80A000270596 /* main.cpp */ = {isa = PBXFileReference; lastKnownFileType = sourcecode.cpp.cpp; path = main.cpp; sourceTree = "<group>"; };
/* End PBXFileReference section */

/* Begin PBXFrameworksBuildPhase section */
		3B24E6F61F9B49E500270596 /* Frameworks */ = {
			isa = PBXFrameworksBuildPhase;
			buildActionMask = 2147483647;
			files = (
			);
			runOnlyForDeploymentPostprocessing = 0;
		};
		3B24E7011F9B7B1000270596 /* Frameworks */ = {
			isa = PBXFrameworksBuildPhase;
			buildActionMask = 2147483647;
			files = (
			);
			runOnlyForDeploymentPostprocessing = 0;
		};
		3B24E70C1F9B809F00270596 /* Frameworks */ = {
			isa = PBXFrameworksBuildPhase;
			buildActionMask = 2147483647;
			files = (
			);
			runOnlyForDeploymentPostprocessing = 0;
		};
/* End PBXFrameworksBuildPhase section */

/* Begin PBXGroup section */
		3B24E6E21F9B475100270596 = {
			isa = PBXGroup;
			children = (
				3B24E6FA1F9B49E500270596 /* fold expressions */,
				3B24E7051F9B7B1000270596 /* fold expressions empty parameter packs */,
				3B24E7101F9B809F00270596 /* u8 character literals */,
				3B24E6EC1F9B475100270596 /* Products */,
			);
			sourceTree = "<group>";
		};
		3B24E6EC1F9B475100270596 /* Products */ = {
			isa = PBXGroup;
			children = (
				3B24E6F91F9B49E500270596 /* fold expressions */,
				3B24E7041F9B7B1000270596 /* fold expressions empty parameter packs */,
				3B24E70F1F9B809F00270596 /* u8 character literals */,
			);
			name = Products;
			sourceTree = "<group>";
		};
		3B24E6FA1F9B49E500270596 /* fold expressions */ = {
			isa = PBXGroup;
			children = (
				3B24E6FB1F9B49E500270596 /* main.cpp */,
			);
			path = "fold expressions";
			sourceTree = "<group>";
		};
		3B24E7051F9B7B1000270596 /* fold expressions empty parameter packs */ = {
			isa = PBXGroup;
			children = (
				3B24E7061F9B7B1000270596 /* main.cpp */,
			);
			path = "fold expressions empty parameter packs";
			sourceTree = "<group>";
		};
		3B24E7101F9B809F00270596 /* u8 character literals */ = {
			isa = PBXGroup;
			children = (
				3B24E7111F9B80A000270596 /* main.cpp */,
			);
			path = "u8 character literals";
			sourceTree = "<group>";
		};
/* End PBXGroup section */

/* Begin PBXNativeTarget section */
		3B24E6F81F9B49E500270596 /* fold expressions */ = {
			isa = PBXNativeTarget;
			buildConfigurationList = 3B24E6FD1F9B49E500270596 /* Build configuration list for PBXNativeTarget "fold expressions" */;
			buildPhases = (
				3B24E6F51F9B49E500270596 /* Sources */,
				3B24E6F61F9B49E500270596 /* Frameworks */,
				3B24E6F71F9B49E500270596 /* CopyFiles */,
			);
			buildRules = (
			);
			dependencies = (
			);
			name = "fold expressions";
			productName = "fold expressions";
			productReference = 3B24E6F91F9B49E500270596 /* fold expressions */;
			productType = "com.apple.product-type.tool";
		};
		3B24E7031F9B7B1000270596 /* fold expressions empty parameter packs */ = {
			isa = PBXNativeTarget;
			buildConfigurationList = 3B24E7081F9B7B1000270596 /* Build configuration list for PBXNativeTarget "fold expressions empty parameter packs" */;
			buildPhases = (
				3B24E7001F9B7B1000270596 /* Sources */,
				3B24E7011F9B7B1000270596 /* Frameworks */,
				3B24E7021F9B7B1000270596 /* CopyFiles */,
			);
			buildRules = (
			);
			dependencies = (
			);
			name = "fold expressions empty parameter packs";
			productName = "fold expressions empty parameter packs";
			productReference = 3B24E7041F9B7B1000270596 /* fold expressions empty parameter packs */;
			productType = "com.apple.product-type.tool";
		};
		3B24E70E1F9B809F00270596 /* u8 character literals */ = {
			isa = PBXNativeTarget;
			buildConfigurationList = 3B24E7131F9B80A000270596 /* Build configuration list for PBXNativeTarget "u8 character literals" */;
			buildPhases = (
				3B24E70B1F9B809F00270596 /* Sources */,
				3B24E70C1F9B809F00270596 /* Frameworks */,
				3B24E70D1F9B809F00270596 /* CopyFiles */,
			);
			buildRules = (
			);
			dependencies = (
			);
			name = "u8 character literals";
			productName = "u8 character literals";
			productReference = 3B24E70F1F9B809F00270596 /* u8 character literals */;
			productType = "com.apple.product-type.tool";
		};
/* End PBXNativeTarget section */

/* Begin PBXProject section */
		3B24E6E31F9B475100270596 /* Project object */ = {
			isa = PBXProject;
			attributes = {
				LastUpgradeCheck = 0900;
				ORGANIZATIONNAME = "Jakub Łabeński";
				TargetAttributes = {
					3B24E6F81F9B49E500270596 = {
						CreatedOnToolsVersion = 9.0.1;
						ProvisioningStyle = Automatic;
					};
					3B24E7031F9B7B1000270596 = {
						CreatedOnToolsVersion = 9.0.1;
						ProvisioningStyle = Automatic;
					};
					3B24E70E1F9B809F00270596 = {
						CreatedOnToolsVersion = 9.0.1;
						ProvisioningStyle = Automatic;
					};
				};
			};
			buildConfigurationList = 3B24E6E61F9B475100270596 /* Build configuration list for PBXProject "cpp17" */;
			compatibilityVersion = "Xcode 8.0";
			developmentRegion = en;
			hasScannedForEncodings = 0;
			knownRegions = (
				en,
			);
			mainGroup = 3B24E6E21F9B475100270596;
			productRefGroup = 3B24E6EC1F9B475100270596 /* Products */;
			projectDirPath = "";
			projectRoot = "";
			targets = (
				3B24E6F81F9B49E500270596 /* fold expressions */,
				3B24E7031F9B7B1000270596 /* fold expressions empty parameter packs */,
				3B24E70E1F9B809F00270596 /* u8 character literals */,
			);
		};
/* End PBXProject section */

/* Begin PBXSourcesBuildPhase section */
		3B24E6F51F9B49E500270596 /* Sources */ = {
			isa = PBXSourcesBuildPhase;
			buildActionMask = 2147483647;
			files = (
				3B24E6FC1F9B49E500270596 /* main.cpp in Sources */,
			);
			runOnlyForDeploymentPostprocessing = 0;
		};
		3B24E7001F9B7B1000270596 /* Sources */ = {
			isa = PBXSourcesBuildPhase;
			buildActionMask = 2147483647;
			files = (
				3B24E7071F9B7B1000270596 /* main.cpp in Sources */,
			);
			runOnlyForDeploymentPostprocessing = 0;
		};
		3B24E70B1F9B809F00270596 /* Sources */ = {
			isa = PBXSourcesBuildPhase;
			buildActionMask = 2147483647;
			files = (
				3B24E7121F9B80A000270596 /* main.cpp in Sources */,
			);
			runOnlyForDeploymentPostprocessing = 0;
		};
/* End PBXSourcesBuildPhase section */

/* Begin XCBuildConfiguration section */
		3B24E6F01F9B475100270596 /* Debug */ = {
			isa = XCBuildConfiguration;
			buildSettings = {
				ALWAYS_SEARCH_USER_PATHS = NO;
				CLANG_ANALYZER_NONNULL = YES;
				CLANG_ANALYZER_NUMBER_OBJECT_CONVERSION = YES_AGGRESSIVE;
				CLANG_CXX_LANGUAGE_STANDARD = "gnu++17";
				CLANG_CXX_LIBRARY = "libc++";
				CLANG_ENABLE_MODULES = YES;
				CLANG_ENABLE_OBJC_ARC = YES;
				CLANG_WARN_BLOCK_CAPTURE_AUTORELEASING = YES;
				CLANG_WARN_BOOL_CONVERSION = YES;
				CLANG_WARN_COMMA = YES;
				CLANG_WARN_CONSTANT_CONVERSION = YES;
				CLANG_WARN_DIRECT_OBJC_ISA_USAGE = YES_ERROR;
				CLANG_WARN_DOCUMENTATION_COMMENTS = YES;
				CLANG_WARN_EMPTY_BODY = YES;
				CLANG_WARN_ENUM_CONVERSION = YES;
				CLANG_WARN_INFINITE_RECURSION = YES;
				CLANG_WARN_INT_CONVERSION = YES;
				CLANG_WARN_NON_LITERAL_NULL_CONVERSION = YES;
				CLANG_WARN_OBJC_LITERAL_CONVERSION = YES;
				CLANG_WARN_OBJC_ROOT_CLASS = YES_ERROR;
				CLANG_WARN_RANGE_LOOP_ANALYSIS = YES;
				CLANG_WARN_STRICT_PROTOTYPES = YES;
				CLANG_WARN_SUSPICIOUS_MOVE = YES;
				CLANG_WARN_UNGUARDED_AVAILABILITY = YES_AGGRESSIVE;
				CLANG_WARN_UNREACHABLE_CODE = YES;
				CLANG_WARN__DUPLICATE_METHOD_MATCH = YES;
				CODE_SIGN_IDENTITY = "-";
				COPY_PHASE_STRIP = NO;
				DEBUG_INFORMATION_FORMAT = dwarf;
				ENABLE_STRICT_OBJC_MSGSEND = YES;
				ENABLE_TESTABILITY = YES;
				GCC_C_LANGUAGE_STANDARD = gnu11;
				GCC_DYNAMIC_NO_PIC = NO;
				GCC_NO_COMMON_BLOCKS = YES;
				GCC_OPTIMIZATION_LEVEL = 0;
				GCC_PREPROCESSOR_DEFINITIONS = (
					"DEBUG=1",
					"$(inherited)",
				);
				GCC_WARN_64_TO_32_BIT_CONVERSION = YES;
				GCC_WARN_ABOUT_RETURN_TYPE = YES_ERROR;
				GCC_WARN_UNDECLARED_SELECTOR = YES;
				GCC_WARN_UNINITIALIZED_AUTOS = YES_AGGRESSIVE;
				GCC_WARN_UNUSED_FUNCTION = YES;
				GCC_WARN_UNUSED_VARIABLE = YES;
				MACOSX_DEPLOYMENT_TARGET = 10.13;
				MTL_ENABLE_DEBUG_INFO = YES;
				ONLY_ACTIVE_ARCH = YES;
				SDKROOT = macosx;
			};
			name = Debug;
		};
		3B24E6F11F9B475100270596 /* Release */ = {
			isa = XCBuildConfiguration;
			buildSettings = {
				ALWAYS_SEARCH_USER_PATHS = NO;
				CLANG_ANALYZER_NONNULL = YES;
				CLANG_ANALYZER_NUMBER_OBJECT_CONVERSION = YES_AGGRESSIVE;
				CLANG_CXX_LANGUAGE_STANDARD = "gnu++17";
				CLANG_CXX_LIBRARY = "libc++";
				CLANG_ENABLE_MODULES = YES;
				CLANG_ENABLE_OBJC_ARC = YES;
				CLANG_WARN_BLOCK_CAPTURE_AUTORELEASING = YES;
				CLANG_WARN_BOOL_CONVERSION = YES;
				CLANG_WARN_COMMA = YES;
				CLANG_WARN_CONSTANT_CONVERSION = YES;
				CLANG_WARN_DIRECT_OBJC_ISA_USAGE = YES_ERROR;
				CLANG_WARN_DOCUMENTATION_COMMENTS = YES;
				CLANG_WARN_EMPTY_BODY = YES;
				CLANG_WARN_ENUM_CONVERSION = YES;
				CLANG_WARN_INFINITE_RECURSION = YES;
				CLANG_WARN_INT_CONVERSION = YES;
				CLANG_WARN_NON_LITERAL_NULL_CONVERSION = YES;
				CLANG_WARN_OBJC_LITERAL_CONVERSION = YES;
				CLANG_WARN_OBJC_ROOT_CLASS = YES_ERROR;
				CLANG_WARN_RANGE_LOOP_ANALYSIS = YES;
				CLANG_WARN_STRICT_PROTOTYPES = YES;
				CLANG_WARN_SUSPICIOUS_MOVE = YES;
				CLANG_WARN_UNGUARDED_AVAILABILITY = YES_AGGRESSIVE;
				CLANG_WARN_UNREACHABLE_CODE = YES;
				CLANG_WARN__DUPLICATE_METHOD_MATCH = YES;
				CODE_SIGN_IDENTITY = "-";
				COPY_PHASE_STRIP = NO;
				DEBUG_INFORMATION_FORMAT = "dwarf-with-dsym";
				ENABLE_NS_ASSERTIONS = NO;
				ENABLE_STRICT_OBJC_MSGSEND = YES;
				GCC_C_LANGUAGE_STANDARD = gnu11;
				GCC_NO_COMMON_BLOCKS = YES;
				GCC_WARN_64_TO_32_BIT_CONVERSION = YES;
				GCC_WARN_ABOUT_RETURN_TYPE = YES_ERROR;
				GCC_WARN_UNDECLARED_SELECTOR = YES;
				GCC_WARN_UNINITIALIZED_AUTOS = YES_AGGRESSIVE;
				GCC_WARN_UNUSED_FUNCTION = YES;
				GCC_WARN_UNUSED_VARIABLE = YES;
				MACOSX_DEPLOYMENT_TARGET = 10.13;
				MTL_ENABLE_DEBUG_INFO = NO;
				SDKROOT = macosx;
			};
			name = Release;
		};
		3B24E6FE1F9B49E500270596 /* Debug */ = {
			isa = XCBuildConfiguration;
			buildSettings = {
				CODE_SIGN_STYLE = Automatic;
				PRODUCT_NAME = "$(TARGET_NAME)";
			};
			name = Debug;
		};
		3B24E6FF1F9B49E500270596 /* Release */ = {
			isa = XCBuildConfiguration;
			buildSettings = {
				CODE_SIGN_STYLE = Automatic;
				PRODUCT_NAME = "$(TARGET_NAME)";
			};
			name = Release;
		};
		3B24E7091F9B7B1000270596 /* Debug */ = {
			isa = XCBuildConfiguration;
			buildSettings = {
				CLANG_CXX_LANGUAGE_STANDARD = "gnu++17";
				CODE_SIGN_STYLE = Automatic;
				PRODUCT_NAME = "$(TARGET_NAME)";
			};
			name = Debug;
		};
		3B24E70A1F9B7B1000270596 /* Release */ = {
			isa = XCBuildConfiguration;
			buildSettings = {
				CLANG_CXX_LANGUAGE_STANDARD = "gnu++17";
				CODE_SIGN_STYLE = Automatic;
				PRODUCT_NAME = "$(TARGET_NAME)";
			};
			name = Release;
		};
		3B24E7141F9B80A000270596 /* Debug */ = {
			isa = XCBuildConfiguration;
			buildSettings = {
				CLANG_CXX_LANGUAGE_STANDARD = "gnu++17";
				CODE_SIGN_STYLE = Automatic;
				PRODUCT_NAME = "$(TARGET_NAME)";
			};
			name = Debug;
		};
		3B24E7151F9B80A000270596 /* Release */ = {
			isa = XCBuildConfiguration;
			buildSettings = {
				CLANG_CXX_LANGUAGE_STANDARD = "gnu++17";
				CODE_SIGN_STYLE = Automatic;
				PRODUCT_NAME = "$(TARGET_NAME)";
			};
			name = Release;
		};
/* End XCBuildConfiguration section */

/* Begin XCConfigurationList section */
		3B24E6E61F9B475100270596 /* Build configuration list for PBXProject "cpp17" */ = {
			isa = XCConfigurationList;
			buildConfigurations = (
				3B24E6F01F9B475100270596 /* Debug */,
				3B24E6F11F9B475100270596 /* Release */,
			);
			defaultConfigurationIsVisible = 0;
			defaultConfigurationName = Release;
		};
		3B24E6FD1F9B49E500270596 /* Build configuration list for PBXNativeTarget "fold expressions" */ = {
			isa = XCConfigurationList;
			buildConfigurations = (
				3B24E6FE1F9B49E500270596 /* Debug */,
				3B24E6FF1F9B49E500270596 /* Release */,
			);
			defaultConfigurationIsVisible = 0;
			defaultConfigurationName = Release;
		};
		3B24E7081F9B7B1000270596 /* Build configuration list for PBXNativeTarget "fold expressions empty parameter packs" */ = {
			isa = XCConfigurationList;
			buildConfigurations = (
				3B24E7091F9B7B1000270596 /* Debug */,
				3B24E70A1F9B7B1000270596 /* Release */,
			);
			defaultConfigurationIsVisible = 0;
			defaultConfigurationName = Release;
		};
		3B24E7131F9B80A000270596 /* Build configuration list for PBXNativeTarget "u8 character literals" */ = {
			isa = XCConfigurationList;
			buildConfigurations = (
				3B24E7141F9B80A000270596 /* Debug */,
				3B24E7151F9B80A000270596 /* Release */,
			);
			defaultConfigurationIsVisible = 0;
			defaultConfigurationName = Release;
		};
/* End XCConfigurationList section */
	};
	rootObject = 3B24E6E31F9B475100270596 /* Project object */;
}
